// !$*UTF8*$!
{
	archiveVersion = 1;
	classes = {
	};
	objectVersion = 39;
	objects = {
		00B9E6080647B9E5009FEF35 = {
			children = (
				00FC4F72064837B900F2220A,
				00FC4F700648361200F2220A,
				00FC4F6E0648321500F2220A,
				00B9E9790647E715009FEF35,
				00B9E9770647E32B009FEF35,
				00B9E9000647C8C0009FEF35,
				00B9E7470647BCD4009FEF35,
				00B9E7480647BCD4009FEF35,
				00B9E7490647BCD4009FEF35,
				00B9E6090647BA04009FEF35,
				00B9E60A0647BA04009FEF35,
				00B9E60B0647BA04009FEF35,
				00B9E60C0647BA04009FEF35,
				00B9E9730647DE5B009FEF35,
				00B9E9740647DE5B009FEF35,
			);
			isa = PBXGroup;
			name = Images;
			refType = 4;
			sourceTree = "<group>";
		};
		00B9E6090647BA04009FEF35 = {
			isa = PBXFileReference;
			lastKnownFileType = image.png;
			path = skip_forward_active.png;
			refType = 4;
			sourceTree = "<group>";
		};
		00B9E60A0647BA04009FEF35 = {
			isa = PBXFileReference;
			lastKnownFileType = image.png;
			path = skip_forward_blue.png;
			refType = 4;
			sourceTree = "<group>";
		};
		00B9E60B0647BA04009FEF35 = {
			isa = PBXFileReference;
			lastKnownFileType = image.png;
			path = skip_previous_active.png;
			refType = 4;
			sourceTree = "<group>";
		};
		00B9E60C0647BA04009FEF35 = {
			isa = PBXFileReference;
			lastKnownFileType = image.png;
			path = skip_previous_blue.png;
			refType = 4;
			sourceTree = "<group>";
		};
		00B9E60D0647BA04009FEF35 = {
			fileRef = 00B9E6090647BA04009FEF35;
			isa = PBXBuildFile;
			settings = {
			};
		};
		00B9E60E0647BA04009FEF35 = {
			fileRef = 00B9E60A0647BA04009FEF35;
			isa = PBXBuildFile;
			settings = {
			};
		};
		00B9E60F0647BA04009FEF35 = {
			fileRef = 00B9E60B0647BA04009FEF35;
			isa = PBXBuildFile;
			settings = {
			};
		};
		00B9E6100647BA04009FEF35 = {
			fileRef = 00B9E60C0647BA04009FEF35;
			isa = PBXBuildFile;
			settings = {
			};
		};
		00B9E6130647BA2E009FEF35 = {
			fileEncoding = 4;
			isa = PBXFileReference;
			lastKnownFileType = sourcecode.c.h;
			path = InstallController.h;
			refType = 4;
			sourceTree = "<group>";
		};
		00B9E6140647BA2E009FEF35 = {
			fileEncoding = 4;
			isa = PBXFileReference;
			lastKnownFileType = sourcecode.c.objc;
			path = InstallController.m;
			refType = 4;
			sourceTree = "<group>";
		};
		00B9E6150647BA2E009FEF35 = {
			fileRef = 00B9E6130647BA2E009FEF35;
			isa = PBXBuildFile;
			settings = {
			};
		};
		00B9E6160647BA2E009FEF35 = {
			fileRef = 00B9E6140647BA2E009FEF35;
			isa = PBXBuildFile;
			settings = {
			};
		};
		00B9E7470647BCD4009FEF35 = {
			isa = PBXFileReference;
			lastKnownFileType = image.png;
			path = binaervarianz.png;
			refType = 4;
			sourceTree = "<group>";
		};
		00B9E7480647BCD4009FEF35 = {
			isa = PBXFileReference;
			lastKnownFileType = image.icns;
			path = devil.icns;
			refType = 4;
			sourceTree = "<group>";
		};
		00B9E7490647BCD4009FEF35 = {
			isa = PBXFileReference;
			lastKnownFileType = image.icns;
			path = Installer.icns;
			refType = 4;
			sourceTree = "<group>";
		};
		00B9E74A0647BCD4009FEF35 = {
			fileRef = 00B9E7470647BCD4009FEF35;
			isa = PBXBuildFile;
			settings = {
			};
		};
		00B9E74B0647BCD4009FEF35 = {
			fileRef = 00B9E7480647BCD4009FEF35;
			isa = PBXBuildFile;
			settings = {
			};
		};
		00B9E74C0647BCD4009FEF35 = {
			fileRef = 00B9E7490647BCD4009FEF35;
			isa = PBXBuildFile;
			settings = {
			};
		};
		00B9E9000647C8C0009FEF35 = {
			isa = PBXFileReference;
			lastKnownFileType = image.png;
			path = wavelan.png;
			refType = 4;
			sourceTree = "<group>";
		};
		00B9E9010647C8C0009FEF35 = {
			fileRef = 00B9E9000647C8C0009FEF35;
			isa = PBXBuildFile;
			settings = {
			};
		};
		00B9E9730647DE5B009FEF35 = {
			isa = PBXFileReference;
			lastKnownFileType = image.png;
			path = stop_active.png;
			refType = 4;
			sourceTree = "<group>";
		};
		00B9E9740647DE5B009FEF35 = {
			isa = PBXFileReference;
			lastKnownFileType = image.png;
			path = stop_blue.png;
			refType = 4;
			sourceTree = "<group>";
		};
		00B9E9750647DE5B009FEF35 = {
			fileRef = 00B9E9730647DE5B009FEF35;
			isa = PBXBuildFile;
			settings = {
			};
		};
		00B9E9760647DE5C009FEF35 = {
			fileRef = 00B9E9740647DE5B009FEF35;
			isa = PBXBuildFile;
			settings = {
			};
		};
		00B9E9770647E32B009FEF35 = {
			isa = PBXFileReference;
			lastKnownFileType = image.icns;
			path = PrefApp.icns;
			refType = 4;
			sourceTree = "<group>";
		};
		00B9E9780647E32B009FEF35 = {
			fileRef = 00B9E9770647E32B009FEF35;
			isa = PBXBuildFile;
			settings = {
			};
		};
		00B9E9790647E715009FEF35 = {
			isa = PBXFileReference;
			lastKnownFileType = image.png;
			path = target.png;
			refType = 4;
			sourceTree = "<group>";
		};
		00B9E97A0647E715009FEF35 = {
			fileRef = 00B9E9790647E715009FEF35;
			isa = PBXBuildFile;
			settings = {
			};
		};
		00B9E97D0647F3B8009FEF35 = {
			fileEncoding = 30;
			isa = PBXFileReference;
			lastKnownFileType = sourcecode.c.h;
			path = BLAuthentication.h;
			refType = 4;
			sourceTree = "<group>";
		};
		00B9E97E0647F3B8009FEF35 = {
			fileEncoding = 30;
			isa = PBXFileReference;
			lastKnownFileType = sourcecode.c.objc;
			path = BLAuthentication.m;
			refType = 4;
			sourceTree = "<group>";
		};
		00B9E97F0647F3B8009FEF35 = {
			fileRef = 00B9E97D0647F3B8009FEF35;
			isa = PBXBuildFile;
			settings = {
			};
		};
		00B9E9800647F3B8009FEF35 = {
			fileRef = 00B9E97E0647F3B8009FEF35;
			isa = PBXBuildFile;
			settings = {
			};
		};
		00B9E9810647F5EC009FEF35 = {
			children = (
				00FC4EE40647F6C800F2220A,
				00FC4EE50647F6C800F2220A,
				00FC4EE60647F6C800F2220A,
				00FC4EF50647F70B00F2220A,
				00FC4EE70647F6C800F2220A,
				00FC4EE80647F6C800F2220A,
				00FC4EE90647F6C800F2220A,
				00FC4EEA0647F6C800F2220A,
			);
			isa = PBXGroup;
			name = Scripts;
			refType = 4;
			sourceTree = "<group>";
		};
		00F9C4B806DA9DCC00E357F0 = {
			isa = PBXFileReference;
			lastKnownFileType = "wrapper.pb-project";
			name = KisMAC.xcode;
			path = ../../KisMAC.xcode;
			refType = 2;
			sourceTree = SOURCE_ROOT;
		};
		00F9C4BF06DA9DCF00E357F0 = {
			children = (
				00F9C4C006DA9DCF00E357F0,
				00FAA80E0822D72E00F5E220,
			);
			isa = PBXGroup;
			name = Products;
			refType = 4;
			sourceTree = "<group>";
		};
		00F9C4C006DA9DCF00E357F0 = {
			fileType = wrapper.application;
			isa = PBXReferenceProxy;
			path = KisMAC.app;
			refType = 3;
			remoteRef = 00F9C62006DA9DEF00E357F0;
			sourceTree = BUILT_PRODUCTS_DIR;
		};
		00F9C62006DA9DEF00E357F0 = {
			containerPortal = 00F9C4B806DA9DCC00E357F0;
			isa = PBXContainerItemProxy;
			proxyType = 2;
			remoteGlobalIDString = 8D1107320486CEB800E47090;
			remoteInfo = KisMAC;
		};
		00FAA80E0822D72E00F5E220 = {
			fileType = wrapper.cfbundle;
			isa = PBXReferenceProxy;
			path = KisMACUnitTest.bundle;
			refType = 3;
			remoteRef = 00FAA80F0822D75200F5E220;
			sourceTree = BUILT_PRODUCTS_DIR;
		};
		00FAA80F0822D75200F5E220 = {
			containerPortal = 00F9C4B806DA9DCC00E357F0;
			isa = PBXContainerItemProxy;
			proxyType = 2;
			remoteGlobalIDString = 008AC9C007C3889400A76ADA;
			remoteInfo = KisMACUnitTest;
		};
		00FC4EE40647F6C800F2220A = {
			fileEncoding = 30;
			isa = PBXFileReference;
			lastKnownFileType = text.script.sh;
			path = install.sh;
			refType = 4;
			sourceTree = "<group>";
		};
		00FC4EE50647F6C800F2220A = {
			fileEncoding = 30;
			isa = PBXFileReference;
			lastKnownFileType = text.script.sh;
			path = permissions.sh;
			refType = 4;
			sourceTree = "<group>";
		};
		00FC4EE60647F6C800F2220A = {
			fileEncoding = 30;
			isa = PBXFileReference;
			lastKnownFileType = text.script.sh;
			path = remove.sh;
			refType = 4;
			sourceTree = "<group>";
		};
		00FC4EE70647F6C800F2220A = {
			fileEncoding = 30;
			isa = PBXFileReference;
			lastKnownFileType = text.script.sh;
			path = sfpatch_install.sh;
			refType = 4;
			sourceTree = "<group>";
		};
		00FC4EE80647F6C800F2220A = {
			fileEncoding = 30;
			isa = PBXFileReference;
			lastKnownFileType = text.script.sh;
			path = sfpatch_overwrite.sh;
			refType = 4;
			sourceTree = "<group>";
		};
		00FC4EE90647F6C800F2220A = {
			fileEncoding = 30;
			isa = PBXFileReference;
			lastKnownFileType = text.script.sh;
			path = sfpatch_permissions.sh;
			refType = 4;
			sourceTree = "<group>";
		};
		00FC4EEA0647F6C800F2220A = {
			fileEncoding = 30;
			isa = PBXFileReference;
			lastKnownFileType = text.script.sh;
			path = sfpatch_remove.sh;
			refType = 4;
			sourceTree = "<group>";
		};
		00FC4EEB0647F6C800F2220A = {
			fileRef = 00FC4EE40647F6C800F2220A;
			isa = PBXBuildFile;
			settings = {
			};
		};
		00FC4EEC0647F6C800F2220A = {
			fileRef = 00FC4EE50647F6C800F2220A;
			isa = PBXBuildFile;
			settings = {
			};
		};
		00FC4EED0647F6C800F2220A = {
			fileRef = 00FC4EE60647F6C800F2220A;
			isa = PBXBuildFile;
			settings = {
			};
		};
		00FC4EEE0647F6C800F2220A = {
			fileRef = 00FC4EE70647F6C800F2220A;
			isa = PBXBuildFile;
			settings = {
			};
		};
		00FC4EEF0647F6C800F2220A = {
			fileRef = 00FC4EE80647F6C800F2220A;
			isa = PBXBuildFile;
			settings = {
			};
		};
		00FC4EF00647F6C800F2220A = {
			fileRef = 00FC4EE90647F6C800F2220A;
			isa = PBXBuildFile;
			settings = {
			};
		};
		00FC4EF10647F6C800F2220A = {
			fileRef = 00FC4EEA0647F6C800F2220A;
			isa = PBXBuildFile;
			settings = {
			};
		};
		00FC4EF50647F70B00F2220A = {
			fileEncoding = 30;
			isa = PBXFileReference;
			lastKnownFileType = text.script.sh;
			path = remove_prefs.sh;
			refType = 4;
			sourceTree = "<group>";
		};
		00FC4EF60647F70B00F2220A = {
			fileRef = 00FC4EF50647F70B00F2220A;
			isa = PBXBuildFile;
			settings = {
			};
		};
		00FC4F6E0648321500F2220A = {
			isa = PBXFileReference;
			lastKnownFileType = image.png;
			path = airport.png;
			refType = 4;
			sourceTree = "<group>";
		};
		00FC4F6F0648321500F2220A = {
			fileRef = 00FC4F6E0648321500F2220A;
			isa = PBXBuildFile;
			settings = {
			};
		};
		00FC4F700648361200F2220A = {
			isa = PBXFileReference;
			lastKnownFileType = image.png;
			path = opensource.png;
			refType = 4;
			sourceTree = "<group>";
		};
		00FC4F710648361200F2220A = {
			fileRef = 00FC4F700648361200F2220A;
			isa = PBXBuildFile;
			settings = {
			};
		};
		00FC4F72064837B900F2220A = {
			isa = PBXFileReference;
			lastKnownFileType = image.png;
			path = orinoco.png;
			refType = 4;
			sourceTree = "<group>";
		};
		00FC4F73064837B900F2220A = {
			fileRef = 00FC4F72064837B900F2220A;
			isa = PBXBuildFile;
			settings = {
			};
		};
		00FC4F740648496A00F2220A = {
			isa = PBXFileReference;
			lastKnownFileType = wrapper.framework;
			name = Carbon.framework;
			path = /System/Library/Frameworks/Carbon.framework;
			refType = 0;
			sourceTree = "<absolute>";
		};
		00FC4F750648496A00F2220A = {
			fileRef = 00FC4F740648496A00F2220A;
			isa = PBXBuildFile;
			settings = {
			};
		};
		00FC500C0648499F00F2220A = {
			isa = PBXFileReference;
			lastKnownFileType = wrapper.framework;
			name = Security.framework;
			path = /System/Library/Frameworks/Security.framework;
			refType = 0;
			sourceTree = "<absolute>";
		};
		00FC500D0648499F00F2220A = {
			fileRef = 00FC500C0648499F00F2220A;
			isa = PBXBuildFile;
			settings = {
			};
		};
		00FC5040064849D000F2220A = {
			isa = PBXFileReference;
			lastKnownFileType = wrapper.framework;
			name = IOKit.framework;
			path = /System/Library/Frameworks/IOKit.framework;
			refType = 0;
			sourceTree = "<absolute>";
		};
		00FC5041064849D000F2220A = {
			fileRef = 00FC5040064849D000F2220A;
			isa = PBXBuildFile;
			settings = {
			};
		};
//000
//001
//002
//003
//004
//080
//081
//082
//083
//084
		080E96DDFE201D6D7F000001 = {
			children = (
				00B9E97D0647F3B8009FEF35,
				00B9E97E0647F3B8009FEF35,
				00B9E6130647BA2E009FEF35,
				00B9E6140647BA2E009FEF35,
			);
			isa = PBXGroup;
			name = Classes;
			refType = 4;
			sourceTree = "<group>";
		};
		089C165CFE840E0CC02AAC07 = {
			children = (
				089C165DFE840E0CC02AAC07,
			);
			isa = PBXVariantGroup;
			name = InfoPlist.strings;
			refType = 4;
			sourceTree = "<group>";
		};
		089C165DFE840E0CC02AAC07 = {
			fileEncoding = 10;
			isa = PBXFileReference;
			lastKnownFileType = text.plist.strings;
			name = English;
			path = English.lproj/InfoPlist.strings;
			refType = 4;
			sourceTree = "<group>";
		};
//080
//081
//082
//083
//084
//100
//101
//102
//103
//104
		1058C7A0FEA54F0111CA2CBB = {
			children = (
				00FC5040064849D000F2220A,
				00FC500C0648499F00F2220A,
				00FC4F740648496A00F2220A,
				1058C7A1FEA54F0111CA2CBB,
			);
			isa = PBXGroup;
			name = "Linked Frameworks";
			refType = 4;
			sourceTree = "<group>";
		};
		1058C7A1FEA54F0111CA2CBB = {
			isa = PBXFileReference;
			lastKnownFileType = wrapper.framework;
			name = Cocoa.framework;
			path = /System/Library/Frameworks/Cocoa.framework;
			refType = 0;
			sourceTree = "<absolute>";
		};
		1058C7A2FEA54F0111CA2CBB = {
			children = (
				29B97325FDCFA39411CA2CEA,
				29B97324FDCFA39411CA2CEA,
			);
			isa = PBXGroup;
			name = "Other Frameworks";
			refType = 4;
			sourceTree = "<group>";
		};
//100
//101
//102
//103
//104
//190
//191
//192
//193
//194
		19C28FACFE9D520D11CA2CBB = {
			children = (
				8D1107320486CEB800E47090,
			);
			isa = PBXGroup;
			name = Products;
			refType = 4;
			sourceTree = "<group>";
		};
//190
//191
//192
//193
//194
//290
//291
//292
//293
//294
		29B97313FDCFA39411CA2CEA = {
			buildSettings = {
			};
			buildStyles = (
				4A9504CCFFE6A4B311CA0CBA,
				4A9504CDFFE6A4B311CA0CBA,
			);
			hasScannedForEncodings = 1;
			isa = PBXProject;
			mainGroup = 29B97314FDCFA39411CA2CEA;
			projectDirPath = "";
			projectReferences = (
				{
					ProductGroup = 00F9C4BF06DA9DCF00E357F0;
					ProjectRef = 00F9C4B806DA9DCC00E357F0;
				},
			);
			targets = (
				8D1107260486CEB800E47090,
			);
		};
		29B97314FDCFA39411CA2CEA = {
			children = (
				00F9C4B806DA9DCC00E357F0,
				080E96DDFE201D6D7F000001,
				29B97315FDCFA39411CA2CEA,
				29B97317FDCFA39411CA2CEA,
				29B97323FDCFA39411CA2CEA,
				19C28FACFE9D520D11CA2CBB,
			);
			isa = PBXGroup;
			name = "KisMAC Installer";
			path = "";
			refType = 4;
			sourceTree = "<group>";
		};
		29B97315FDCFA39411CA2CEA = {
			children = (
				32CA4F630368D1EE00C91783,
				29B97316FDCFA39411CA2CEA,
			);
			isa = PBXGroup;
			name = "Other Sources";
			path = "";
			refType = 4;
			sourceTree = "<group>";
		};
		29B97316FDCFA39411CA2CEA = {
			fileEncoding = 30;
			isa = PBXFileReference;
			lastKnownFileType = sourcecode.c.objc;
			path = main.m;
			refType = 4;
			sourceTree = "<group>";
		};
		29B97317FDCFA39411CA2CEA = {
			children = (
				00B9E9810647F5EC009FEF35,
				00B9E6080647B9E5009FEF35,
				8D1107310486CEB800E47090,
				089C165CFE840E0CC02AAC07,
				29B97318FDCFA39411CA2CEA,
			);
			isa = PBXGroup;
			name = Resources;
			path = "";
			refType = 4;
			sourceTree = "<group>";
		};
		29B97318FDCFA39411CA2CEA = {
			children = (
				29B97319FDCFA39411CA2CEA,
			);
			isa = PBXVariantGroup;
			name = MainMenu.nib;
			path = "";
			refType = 4;
			sourceTree = "<group>";
		};
		29B97319FDCFA39411CA2CEA = {
			isa = PBXFileReference;
			lastKnownFileType = wrapper.nib;
			name = English;
			path = English.lproj/MainMenu.nib;
			refType = 4;
			sourceTree = "<group>";
		};
		29B97323FDCFA39411CA2CEA = {
			children = (
				1058C7A0FEA54F0111CA2CBB,
				1058C7A2FEA54F0111CA2CBB,
			);
			isa = PBXGroup;
			name = Frameworks;
			path = "";
			refType = 4;
			sourceTree = "<group>";
		};
		29B97324FDCFA39411CA2CEA = {
			isa = PBXFileReference;
			lastKnownFileType = wrapper.framework;
			name = AppKit.framework;
			path = /System/Library/Frameworks/AppKit.framework;
			refType = 0;
			sourceTree = "<absolute>";
		};
		29B97325FDCFA39411CA2CEA = {
			isa = PBXFileReference;
			lastKnownFileType = wrapper.framework;
			name = Foundation.framework;
			path = /System/Library/Frameworks/Foundation.framework;
			refType = 0;
			sourceTree = "<absolute>";
		};
//290
//291
//292
//293
//294
//320
//321
//322
//323
//324
		32CA4F630368D1EE00C91783 = {
			fileEncoding = 4;
			isa = PBXFileReference;
			lastKnownFileType = sourcecode.c.h;
			path = "KisMAC Installer_Prefix.pch";
			refType = 4;
			sourceTree = "<group>";
		};
//320
//321
//322
//323
//324
//4A0
//4A1
//4A2
//4A3
//4A4
		4A9504CCFFE6A4B311CA0CBA = {
			buildSettings = {
				COPY_PHASE_STRIP = NO;
				DEBUGGING_SYMBOLS = YES;
				GCC_DYNAMIC_NO_PIC = NO;
				GCC_ENABLE_FIX_AND_CONTINUE = YES;
				GCC_GENERATE_DEBUGGING_SYMBOLS = YES;
				GCC_OPTIMIZATION_LEVEL = 0;
				OPTIMIZATION_CFLAGS = "-O0";
				ZERO_LINK = YES;
			};
			isa = PBXBuildStyle;
			name = Development;
		};
		4A9504CDFFE6A4B311CA0CBA = {
			buildSettings = {
				COPY_PHASE_STRIP = YES;
				GCC_ENABLE_FIX_AND_CONTINUE = NO;
				ZERO_LINK = NO;
			};
			isa = PBXBuildStyle;
			name = Deployment;
		};
//4A0
//4A1
//4A2
//4A3
//4A4
//8D0
//8D1
//8D2
//8D3
//8D4
		8D1107260486CEB800E47090 = {
			buildPhases = (
				8D1107270486CEB800E47090,
				8D1107290486CEB800E47090,
				8D11072C0486CEB800E47090,
				8D11072E0486CEB800E47090,
			);
			buildRules = (
			);
			buildSettings = {
				FRAMEWORK_SEARCH_PATHS = "";
				GCC_ENABLE_TRIGRAPHS = NO;
				GCC_GENERATE_DEBUGGING_SYMBOLS = NO;
				GCC_PRECOMPILE_PREFIX_HEADER = YES;
				GCC_PREFIX_HEADER = "KisMAC Installer_Prefix.pch";
				GCC_WARN_ABOUT_MISSING_PROTOTYPES = NO;
				GCC_WARN_FOUR_CHARACTER_CONSTANTS = NO;
				GCC_WARN_UNKNOWN_PRAGMAS = NO;
				HEADER_SEARCH_PATHS = "";
				INFOPLIST_FILE = Info.plist;
				INSTALL_PATH = "$(HOME)/Applications";
				LIBRARY_SEARCH_PATHS = "";
				OTHER_CFLAGS = "";
				OTHER_LDFLAGS = "";
				PRODUCT_NAME = "KisMAC Installer";
				SECTORDER_FLAGS = "";
				WARNING_CFLAGS = "-Wmost -Wno-four-char-constants -Wno-unknown-pragmas";
				WRAPPER_EXTENSION = app;
			};
			dependencies = (
			);
			isa = PBXNativeTarget;
			name = "KisMAC Installer";
			productInstallPath = "$(HOME)/Applications";
			productName = "KisMAC Installer";
			productReference = 8D1107320486CEB800E47090;
			productType = "com.apple.product-type.application";
		};
		8D1107270486CEB800E47090 = {
			buildActionMask = 2147483647;
			files = (
				8D1107280486CEB800E47090,
				00B9E6150647BA2E009FEF35,
				00B9E97F0647F3B8009FEF35,
			);
			isa = PBXHeadersBuildPhase;
			runOnlyForDeploymentPostprocessing = 0;
		};
		8D1107280486CEB800E47090 = {
			fileRef = 32CA4F630368D1EE00C91783;
			isa = PBXBuildFile;
			settings = {
			};
		};
		8D1107290486CEB800E47090 = {
			buildActionMask = 2147483647;
			files = (
				8D11072A0486CEB800E47090,
				8D11072B0486CEB800E47090,
				00B9E60D0647BA04009FEF35,
				00B9E60E0647BA04009FEF35,
				00B9E60F0647BA04009FEF35,
				00B9E6100647BA04009FEF35,
				00B9E74A0647BCD4009FEF35,
				00B9E74B0647BCD4009FEF35,
				00B9E74C0647BCD4009FEF35,
				00B9E9010647C8C0009FEF35,
				00B9E9750647DE5B009FEF35,
				00B9E9760647DE5C009FEF35,
				00B9E9780647E32B009FEF35,
				00B9E97A0647E715009FEF35,
				00FC4EEB0647F6C800F2220A,
				00FC4EEC0647F6C800F2220A,
				00FC4EED0647F6C800F2220A,
				00FC4EEE0647F6C800F2220A,
				00FC4EEF0647F6C800F2220A,
				00FC4EF00647F6C800F2220A,
				00FC4EF10647F6C800F2220A,
				00FC4EF60647F70B00F2220A,
				00FC4F6F0648321500F2220A,
				00FC4F710648361200F2220A,
				00FC4F73064837B900F2220A,
			);
			isa = PBXResourcesBuildPhase;
			runOnlyForDeploymentPostprocessing = 0;
		};
		8D11072A0486CEB800E47090 = {
			fileRef = 29B97318FDCFA39411CA2CEA;
			isa = PBXBuildFile;
			settings = {
			};
		};
		8D11072B0486CEB800E47090 = {
			fileRef = 089C165CFE840E0CC02AAC07;
			isa = PBXBuildFile;
			settings = {
			};
		};
		8D11072C0486CEB800E47090 = {
			buildActionMask = 2147483647;
			files = (
				8D11072D0486CEB800E47090,
				00B9E6160647BA2E009FEF35,
				00B9E9800647F3B8009FEF35,
			);
			isa = PBXSourcesBuildPhase;
			runOnlyForDeploymentPostprocessing = 0;
		};
		8D11072D0486CEB800E47090 = {
			fileRef = 29B97316FDCFA39411CA2CEA;
			isa = PBXBuildFile;
			settings = {
				ATTRIBUTES = (
				);
			};
		};
		8D11072E0486CEB800E47090 = {
			buildActionMask = 2147483647;
			files = (
				8D11072F0486CEB800E47090,
				00FC4F750648496A00F2220A,
				00FC500D0648499F00F2220A,
				00FC5041064849D000F2220A,
			);
			isa = PBXFrameworksBuildPhase;
			runOnlyForDeploymentPostprocessing = 0;
		};
		8D11072F0486CEB800E47090 = {
			fileRef = 1058C7A1FEA54F0111CA2CBB;
			isa = PBXBuildFile;
			settings = {
			};
		};
		8D1107310486CEB800E47090 = {
			fileEncoding = 4;
			isa = PBXFileReference;
			lastKnownFileType = text.plist;
			path = Info.plist;
			refType = 4;
			sourceTree = "<group>";
		};
		8D1107320486CEB800E47090 = {
			explicitFileType = wrapper.application;
			includeInIndex = 0;
			isa = PBXFileReference;
			path = "KisMAC Installer.app";
			refType = 3;
			sourceTree = BUILT_PRODUCTS_DIR;
		};
	};
	rootObject = 29B97313FDCFA39411CA2CEA;
}
