// !$*UTF8*$!
{
	archiveVersion = 1;
	classes = {
	};
	objectVersion = 42;
	objects = {

/* Begin PBXBuildFile section */
		00033F910664EEBF00B06924 /* WiFiGUI.h in Headers */ = {isa = PBXBuildFile; fileRef = 00033F8F0664EEBF00B06924 /* WiFiGUI.h */; };
		00033F920664EEBF00B06924 /* WiFiGUI.m in Sources */ = {isa = PBXBuildFile; fileRef = 00033F900664EEBF00B06924 /* WiFiGUI.m */; };
		00033F9B0664FDCE00B06924 /* Status4.tif in Resources */ = {isa = PBXBuildFile; fileRef = 00033F9A0664FDCE00B06924 /* Status4.tif */; };
		000A034E066D0BC600E4B701 /* libcrypto.dylib in Frameworks */ = {isa = PBXBuildFile; fileRef = 000A034D066D0BC600E4B701 /* libcrypto.dylib */; };
		000A0350066D0BE300E4B701 /* Apple80211.framework in Frameworks */ = {isa = PBXBuildFile; fileRef = 000A034F066D0BE300E4B701 /* Apple80211.framework */; };
		0040ED20067F11DE00312441 /* GTDriver.icns in Resources */ = {isa = PBXBuildFile; fileRef = 0040ED1F067F11DE00312441 /* GTDriver.icns */; };
		0045934C066CF7710028EF4B /* WiFiPasswordEncrypt.h in Headers */ = {isa = PBXBuildFile; fileRef = 0045934A066CF7710028EF4B /* WiFiPasswordEncrypt.h */; };
		0045934D066CF7710028EF4B /* WiFiPasswordEncrypt.m in Sources */ = {isa = PBXBuildFile; fileRef = 0045934B066CF7710028EF4B /* WiFiPasswordEncrypt.m */; };
		005DA8CC0665D07B00154F70 /* IOKit.framework in Frameworks */ = {isa = PBXBuildFile; fileRef = 005DA8CB0665D07B00154F70 /* IOKit.framework */; };
		0061530F066E22E3009CD624 /* Security.framework in Frameworks */ = {isa = PBXBuildFile; fileRef = 0061530E066E22E3009CD624 /* Security.framework */; };
		00C0B2C606652D8F00B1F653 /* Status0.tif in Resources */ = {isa = PBXBuildFile; fileRef = 00C0B2C106652D8F00B1F653 /* Status0.tif */; };
		00C0B2C706652D8F00B1F653 /* Status1.tif in Resources */ = {isa = PBXBuildFile; fileRef = 00C0B2C206652D8F00B1F653 /* Status1.tif */; };
		00C0B2C806652D8F00B1F653 /* Status2.tif in Resources */ = {isa = PBXBuildFile; fileRef = 00C0B2C306652D8F00B1F653 /* Status2.tif */; };
		00C0B2C906652D8F00B1F653 /* Status3.tif in Resources */ = {isa = PBXBuildFile; fileRef = 00C0B2C406652D8F00B1F653 /* Status3.tif */; };
		00C0B2CA06652D8F00B1F653 /* StatusDead.tif in Resources */ = {isa = PBXBuildFile; fileRef = 00C0B2C506652D8F00B1F653 /* StatusDead.tif */; };
		00C0B37206653F3100B1F653 /* WiFiDriverInterface.h in Headers */ = {isa = PBXBuildFile; fileRef = 00C0B37006653F3100B1F653 /* WiFiDriverInterface.h */; };
		00C0B37306653F3100B1F653 /* WiFiDriverInterface.m in Sources */ = {isa = PBXBuildFile; fileRef = 00C0B37106653F3100B1F653 /* WiFiDriverInterface.m */; };
		00C69405066E2ED800F134D2 /* HexNumberFormatter.h in Headers */ = {isa = PBXBuildFile; fileRef = 00C69403066E2ED800F134D2 /* HexNumberFormatter.h */; };
		00C69406066E2ED800F134D2 /* HexNumberFormatter.m in Sources */ = {isa = PBXBuildFile; fileRef = 00C69404066E2ED800F134D2 /* HexNumberFormatter.m */; };
		8D1107280486CEB800E47090 /* WiFiGUI_Prefix.pch in Headers */ = {isa = PBXBuildFile; fileRef = 32CA4F630368D1EE00C91783 /* WiFiGUI_Prefix.pch */; };
		8D11072A0486CEB800E47090 /* MainMenu.nib in Resources */ = {isa = PBXBuildFile; fileRef = 29B97318FDCFA39411CA2CEA /* MainMenu.nib */; };
		8D11072B0486CEB800E47090 /* InfoPlist.strings in Resources */ = {isa = PBXBuildFile; fileRef = 089C165CFE840E0CC02AAC07 /* InfoPlist.strings */; };
		8D11072D0486CEB800E47090 /* main.m in Sources */ = {isa = PBXBuildFile; fileRef = 29B97316FDCFA39411CA2CEA /* main.m */; settings = {ATTRIBUTES = (); }; };
		8D11072F0486CEB800E47090 /* Cocoa.framework in Frameworks */ = {isa = PBXBuildFile; fileRef = 1058C7A1FEA54F0111CA2CBB /* Cocoa.framework */; };
/* End PBXBuildFile section */

/* Begin PBXBuildStyle section */
		4A9504CCFFE6A4B311CA0CBA /* Development */ = {
			isa = PBXBuildStyle;
			buildSettings = {
				COPY_PHASE_STRIP = NO;
				DEBUGGING_SYMBOLS = YES;
				GCC_DYNAMIC_NO_PIC = NO;
				GCC_ENABLE_FIX_AND_CONTINUE = YES;
				GCC_GENERATE_DEBUGGING_SYMBOLS = YES;
				GCC_OPTIMIZATION_LEVEL = 0;
				OPTIMIZATION_CFLAGS = "-O0";
				ZERO_LINK = YES;
			};
			name = Development;
		};
		4A9504CDFFE6A4B311CA0CBA /* Deployment */ = {
			isa = PBXBuildStyle;
			buildSettings = {
				COPY_PHASE_STRIP = YES;
				GCC_ENABLE_FIX_AND_CONTINUE = NO;
				ZERO_LINK = NO;
			};
			name = Deployment;
		};
/* End PBXBuildStyle section */

/* Begin PBXFileReference section */
		00033F8F0664EEBF00B06924 /* WiFiGUI.h */ = {isa = PBXFileReference; fileEncoding = 4; lastKnownFileType = sourcecode.c.h; path = WiFiGUI.h; sourceTree = "<group>"; };
		00033F900664EEBF00B06924 /* WiFiGUI.m */ = {isa = PBXFileReference; fileEncoding = 4; lastKnownFileType = sourcecode.c.objc; path = WiFiGUI.m; sourceTree = "<group>"; };
		00033F9A0664FDCE00B06924 /* Status4.tif */ = {isa = PBXFileReference; lastKnownFileType = image.tiff; path = Status4.tif; sourceTree = "<group>"; };
		000A034D066D0BC600E4B701 /* libcrypto.dylib */ = {isa = PBXFileReference; lastKnownFileType = "compiled.mach-o.dylib"; name = libcrypto.dylib; path = /usr/lib/libcrypto.dylib; sourceTree = "<absolute>"; };
		000A034F066D0BE300E4B701 /* Apple80211.framework */ = {isa = PBXFileReference; lastKnownFileType = wrapper.framework; name = Apple80211.framework; path = /System/Library/PrivateFrameworks/Apple80211.framework; sourceTree = "<absolute>"; };
		0040ED1F067F11DE00312441 /* GTDriver.icns */ = {isa = PBXFileReference; lastKnownFileType = image.icns; name = GTDriver.icns; path = ../GTDriver.icns; sourceTree = SOURCE_ROOT; };
		0045934A066CF7710028EF4B /* WiFiPasswordEncrypt.h */ = {isa = PBXFileReference; fileEncoding = 4; lastKnownFileType = sourcecode.c.h; path = WiFiPasswordEncrypt.h; sourceTree = "<group>"; };
		0045934B066CF7710028EF4B /* WiFiPasswordEncrypt.m */ = {isa = PBXFileReference; fileEncoding = 4; lastKnownFileType = sourcecode.c.objc; path = WiFiPasswordEncrypt.m; sourceTree = "<group>"; };
		005DA8CB0665D07B00154F70 /* IOKit.framework */ = {isa = PBXFileReference; lastKnownFileType = wrapper.framework; name = IOKit.framework; path = /System/Library/Frameworks/IOKit.framework; sourceTree = "<absolute>"; };
		0061530E066E22E3009CD624 /* Security.framework */ = {isa = PBXFileReference; lastKnownFileType = wrapper.framework; name = Security.framework; path = /System/Library/Frameworks/Security.framework; sourceTree = "<absolute>"; };
		00C0B2C106652D8F00B1F653 /* Status0.tif */ = {isa = PBXFileReference; lastKnownFileType = image.tiff; path = Status0.tif; sourceTree = "<group>"; };
		00C0B2C206652D8F00B1F653 /* Status1.tif */ = {isa = PBXFileReference; lastKnownFileType = image.tiff; path = Status1.tif; sourceTree = "<group>"; };
		00C0B2C306652D8F00B1F653 /* Status2.tif */ = {isa = PBXFileReference; lastKnownFileType = image.tiff; path = Status2.tif; sourceTree = "<group>"; };
		00C0B2C406652D8F00B1F653 /* Status3.tif */ = {isa = PBXFileReference; lastKnownFileType = image.tiff; path = Status3.tif; sourceTree = "<group>"; };
		00C0B2C506652D8F00B1F653 /* StatusDead.tif */ = {isa = PBXFileReference; lastKnownFileType = image.tiff; path = StatusDead.tif; sourceTree = "<group>"; };
		00C0B37006653F3100B1F653 /* WiFiDriverInterface.h */ = {isa = PBXFileReference; fileEncoding = 4; lastKnownFileType = sourcecode.c.h; path = WiFiDriverInterface.h; sourceTree = "<group>"; };
		00C0B37106653F3100B1F653 /* WiFiDriverInterface.m */ = {isa = PBXFileReference; fileEncoding = 4; lastKnownFileType = sourcecode.c.objc; path = WiFiDriverInterface.m; sourceTree = "<group>"; };
		00C69403066E2ED800F134D2 /* HexNumberFormatter.h */ = {isa = PBXFileReference; fileEncoding = 4; lastKnownFileType = sourcecode.c.h; path = HexNumberFormatter.h; sourceTree = "<group>"; };
		00C69404066E2ED800F134D2 /* HexNumberFormatter.m */ = {isa = PBXFileReference; fileEncoding = 4; lastKnownFileType = sourcecode.c.objc; path = HexNumberFormatter.m; sourceTree = "<group>"; };
		089C165DFE840E0CC02AAC07 /* English */ = {isa = PBXFileReference; fileEncoding = 10; lastKnownFileType = text.plist.strings; name = English; path = English.lproj/InfoPlist.strings; sourceTree = "<group>"; };
		1058C7A1FEA54F0111CA2CBB /* Cocoa.framework */ = {isa = PBXFileReference; lastKnownFileType = wrapper.framework; name = Cocoa.framework; path = /System/Library/Frameworks/Cocoa.framework; sourceTree = "<absolute>"; };
		29B97316FDCFA39411CA2CEA /* main.m */ = {isa = PBXFileReference; fileEncoding = 30; lastKnownFileType = sourcecode.c.objc; path = main.m; sourceTree = "<group>"; };
		29B97319FDCFA39411CA2CEA /* English */ = {isa = PBXFileReference; lastKnownFileType = wrapper.nib; name = English; path = English.lproj/MainMenu.nib; sourceTree = "<group>"; };
		29B97324FDCFA39411CA2CEA /* AppKit.framework */ = {isa = PBXFileReference; lastKnownFileType = wrapper.framework; name = AppKit.framework; path = /System/Library/Frameworks/AppKit.framework; sourceTree = "<absolute>"; };
		29B97325FDCFA39411CA2CEA /* Foundation.framework */ = {isa = PBXFileReference; lastKnownFileType = wrapper.framework; name = Foundation.framework; path = /System/Library/Frameworks/Foundation.framework; sourceTree = "<absolute>"; };
		32CA4F630368D1EE00C91783 /* WiFiGUI_Prefix.pch */ = {isa = PBXFileReference; fileEncoding = 4; lastKnownFileType = sourcecode.c.h; path = WiFiGUI_Prefix.pch; sourceTree = "<group>"; };
		8D1107310486CEB800E47090 /* Info.plist */ = {isa = PBXFileReference; fileEncoding = 4; lastKnownFileType = text.plist; path = Info.plist; sourceTree = "<group>"; };
		8D1107320486CEB800E47090 /* WiFiGUI.app */ = {isa = PBXFileReference; explicitFileType = wrapper.application; includeInIndex = 0; path = WiFiGUI.app; sourceTree = BUILT_PRODUCTS_DIR; };
/* End PBXFileReference section */

/* Begin PBXFrameworksBuildPhase section */
		8D11072E0486CEB800E47090 /* Frameworks */ = {
			isa = PBXFrameworksBuildPhase;
			buildActionMask = 2147483647;
			files = (
				8D11072F0486CEB800E47090 /* Cocoa.framework in Frameworks */,
				005DA8CC0665D07B00154F70 /* IOKit.framework in Frameworks */,
				000A034E066D0BC600E4B701 /* libcrypto.dylib in Frameworks */,
				000A0350066D0BE300E4B701 /* Apple80211.framework in Frameworks */,
				0061530F066E22E3009CD624 /* Security.framework in Frameworks */,
			);
			runOnlyForDeploymentPostprocessing = 0;
		};
/* End PBXFrameworksBuildPhase section */

/* Begin PBXGroup section */
		00C0B2CB06652D9700B1F653 /* Status Icons */ = {
			isa = PBXGroup;
			children = (
				00C0B2C106652D8F00B1F653 /* Status0.tif */,
				00C0B2C206652D8F00B1F653 /* Status1.tif */,
				00C0B2C306652D8F00B1F653 /* Status2.tif */,
				00C0B2C406652D8F00B1F653 /* Status3.tif */,
				00033F9A0664FDCE00B06924 /* Status4.tif */,
				00C0B2C506652D8F00B1F653 /* StatusDead.tif */,
			);
			name = "Status Icons";
			sourceTree = "<group>";
		};
		080E96DDFE201D6D7F000001 /* Classes */ = {
			isa = PBXGroup;
			children = (
				00033F8F0664EEBF00B06924 /* WiFiGUI.h */,
				00033F900664EEBF00B06924 /* WiFiGUI.m */,
				0045934A066CF7710028EF4B /* WiFiPasswordEncrypt.h */,
				0045934B066CF7710028EF4B /* WiFiPasswordEncrypt.m */,
				00C0B37006653F3100B1F653 /* WiFiDriverInterface.h */,
				00C0B37106653F3100B1F653 /* WiFiDriverInterface.m */,
				00C69403066E2ED800F134D2 /* HexNumberFormatter.h */,
				00C69404066E2ED800F134D2 /* HexNumberFormatter.m */,
			);
			name = Classes;
			sourceTree = "<group>";
		};
		1058C7A0FEA54F0111CA2CBB /* Linked Frameworks */ = {
			isa = PBXGroup;
			children = (
				0061530E066E22E3009CD624 /* Security.framework */,
				000A034F066D0BE300E4B701 /* Apple80211.framework */,
				000A034D066D0BC600E4B701 /* libcrypto.dylib */,
				005DA8CB0665D07B00154F70 /* IOKit.framework */,
				1058C7A1FEA54F0111CA2CBB /* Cocoa.framework */,
			);
			name = "Linked Frameworks";
			sourceTree = "<group>";
		};
		1058C7A2FEA54F0111CA2CBB /* Other Frameworks */ = {
			isa = PBXGroup;
			children = (
				29B97325FDCFA39411CA2CEA /* Foundation.framework */,
				29B97324FDCFA39411CA2CEA /* AppKit.framework */,
			);
			name = "Other Frameworks";
			sourceTree = "<group>";
		};
		19C28FACFE9D520D11CA2CBB /* Products */ = {
			isa = PBXGroup;
			children = (
				8D1107320486CEB800E47090 /* WiFiGUI.app */,
			);
			name = Products;
			sourceTree = "<group>";
		};
		29B97314FDCFA39411CA2CEA /* WiFiGUI */ = {
			isa = PBXGroup;
			children = (
				080E96DDFE201D6D7F000001 /* Classes */,
				29B97315FDCFA39411CA2CEA /* Other Sources */,
				29B97317FDCFA39411CA2CEA /* Resources */,
				29B97323FDCFA39411CA2CEA /* Frameworks */,
				19C28FACFE9D520D11CA2CBB /* Products */,
			);
			name = WiFiGUI;
			sourceTree = "<group>";
		};
		29B97315FDCFA39411CA2CEA /* Other Sources */ = {
			isa = PBXGroup;
			children = (
				32CA4F630368D1EE00C91783 /* WiFiGUI_Prefix.pch */,
				29B97316FDCFA39411CA2CEA /* main.m */,
			);
			name = "Other Sources";
			sourceTree = "<group>";
		};
		29B97317FDCFA39411CA2CEA /* Resources */ = {
			isa = PBXGroup;
			children = (
				00C0B2CB06652D9700B1F653 /* Status Icons */,
				0040ED1F067F11DE00312441 /* GTDriver.icns */,
				8D1107310486CEB800E47090 /* Info.plist */,
				089C165CFE840E0CC02AAC07 /* InfoPlist.strings */,
				29B97318FDCFA39411CA2CEA /* MainMenu.nib */,
			);
			name = Resources;
			sourceTree = "<group>";
		};
		29B97323FDCFA39411CA2CEA /* Frameworks */ = {
			isa = PBXGroup;
			children = (
				1058C7A0FEA54F0111CA2CBB /* Linked Frameworks */,
				1058C7A2FEA54F0111CA2CBB /* Other Frameworks */,
			);
			name = Frameworks;
			sourceTree = "<group>";
		};
/* End PBXGroup section */

/* Begin PBXHeadersBuildPhase section */
		8D1107270486CEB800E47090 /* Headers */ = {
			isa = PBXHeadersBuildPhase;
			buildActionMask = 2147483647;
			files = (
				8D1107280486CEB800E47090 /* WiFiGUI_Prefix.pch in Headers */,
				00033F910664EEBF00B06924 /* WiFiGUI.h in Headers */,
				00C0B37206653F3100B1F653 /* WiFiDriverInterface.h in Headers */,
				0045934C066CF7710028EF4B /* WiFiPasswordEncrypt.h in Headers */,
				00C69405066E2ED800F134D2 /* HexNumberFormatter.h in Headers */,
			);
			runOnlyForDeploymentPostprocessing = 0;
		};
/* End PBXHeadersBuildPhase section */

/* Begin PBXNativeTarget section */
		8D1107260486CEB800E47090 /* WiFiGUI */ = {
			isa = PBXNativeTarget;
			buildConfigurationList = 0060D418086C22F1003A0458 /* Build configuration list for PBXNativeTarget "WiFiGUI" */;
			buildPhases = (
				8D1107270486CEB800E47090 /* Headers */,
				8D1107290486CEB800E47090 /* Resources */,
				8D11072C0486CEB800E47090 /* Sources */,
				8D11072E0486CEB800E47090 /* Frameworks */,
			);
			buildRules = (
			);
			buildSettings = {
				FRAMEWORK_SEARCH_PATHS = "\"$(SYSTEM_LIBRARY_DIR)/PrivateFrameworks\"";
				GCC_ENABLE_TRIGRAPHS = NO;
				GCC_GENERATE_DEBUGGING_SYMBOLS = NO;
				GCC_PRECOMPILE_PREFIX_HEADER = YES;
				GCC_PREFIX_HEADER = WiFiGUI_Prefix.pch;
				GCC_WARN_ABOUT_MISSING_PROTOTYPES = NO;
				GCC_WARN_FOUR_CHARACTER_CONSTANTS = NO;
				GCC_WARN_UNKNOWN_PRAGMAS = NO;
				HEADER_SEARCH_PATHS = "";
				INFOPLIST_FILE = Info.plist;
				INSTALL_PATH = "$(HOME)/Applications";
				LIBRARY_SEARCH_PATHS = "\"/usr/lib\"";
				OTHER_CFLAGS = "";
				OTHER_LDFLAGS = "";
				PRODUCT_NAME = WiFiGUI;
				SECTORDER_FLAGS = "";
				WARNING_CFLAGS = (
					"-Wmost",
					"-Wno-four-char-constants",
					"-Wno-unknown-pragmas",
				);
				WRAPPER_EXTENSION = app;
			};
			dependencies = (
			);
			name = WiFiGUI;
			productInstallPath = "$(HOME)/Applications";
			productName = WiFiGUI;
			productReference = 8D1107320486CEB800E47090 /* WiFiGUI.app */;
			productType = "com.apple.product-type.application";
		};
/* End PBXNativeTarget section */

/* Begin PBXProject section */
		29B97313FDCFA39411CA2CEA /* Project object */ = {
			isa = PBXProject;
			buildConfigurationList = 0060D41C086C22F1003A0458 /* Build configuration list for PBXProject "WiFiGUI" */;
			buildSettings = {
			};
			buildStyles = (
				4A9504CCFFE6A4B311CA0CBA /* Development */,
				4A9504CDFFE6A4B311CA0CBA /* Deployment */,
			);
			hasScannedForEncodings = 1;
			mainGroup = 29B97314FDCFA39411CA2CEA /* WiFiGUI */;
			projectDirPath = "";
			targets = (
				8D1107260486CEB800E47090 /* WiFiGUI */,
			);
		};
/* End PBXProject section */

/* Begin PBXResourcesBuildPhase section */
		8D1107290486CEB800E47090 /* Resources */ = {
			isa = PBXResourcesBuildPhase;
			buildActionMask = 2147483647;
			files = (
				8D11072A0486CEB800E47090 /* MainMenu.nib in Resources */,
				8D11072B0486CEB800E47090 /* InfoPlist.strings in Resources */,
				00033F9B0664FDCE00B06924 /* Status4.tif in Resources */,
				00C0B2C606652D8F00B1F653 /* Status0.tif in Resources */,
				00C0B2C706652D8F00B1F653 /* Status1.tif in Resources */,
				00C0B2C806652D8F00B1F653 /* Status2.tif in Resources */,
				00C0B2C906652D8F00B1F653 /* Status3.tif in Resources */,
				00C0B2CA06652D8F00B1F653 /* StatusDead.tif in Resources */,
				0040ED20067F11DE00312441 /* GTDriver.icns in Resources */,
			);
			runOnlyForDeploymentPostprocessing = 0;
		};
/* End PBXResourcesBuildPhase section */

/* Begin PBXSourcesBuildPhase section */
		8D11072C0486CEB800E47090 /* Sources */ = {
			isa = PBXSourcesBuildPhase;
			buildActionMask = 2147483647;
			files = (
				8D11072D0486CEB800E47090 /* main.m in Sources */,
				00033F920664EEBF00B06924 /* WiFiGUI.m in Sources */,
				00C0B37306653F3100B1F653 /* WiFiDriverInterface.m in Sources */,
				0045934D066CF7710028EF4B /* WiFiPasswordEncrypt.m in Sources */,
				00C69406066E2ED800F134D2 /* HexNumberFormatter.m in Sources */,
			);
			runOnlyForDeploymentPostprocessing = 0;
		};
/* End PBXSourcesBuildPhase section */

/* Begin PBXVariantGroup section */
		089C165CFE840E0CC02AAC07 /* InfoPlist.strings */ = {
			isa = PBXVariantGroup;
			children = (
				089C165DFE840E0CC02AAC07 /* English */,
			);
			name = InfoPlist.strings;
			sourceTree = "<group>";
		};
		29B97318FDCFA39411CA2CEA /* MainMenu.nib */ = {
			isa = PBXVariantGroup;
			children = (
				29B97319FDCFA39411CA2CEA /* English */,
			);
			name = MainMenu.nib;
			sourceTree = "<group>";
		};
/* End PBXVariantGroup section */

/* Begin XCBuildConfiguration section */
		0060D419086C22F1003A0458 /* Development */ = {
			isa = XCBuildConfiguration;
			buildSettings = {
				COPY_PHASE_STRIP = NO;
				DEBUGGING_SYMBOLS = YES;
				FRAMEWORK_SEARCH_PATHS = "\"$(SYSTEM_LIBRARY_DIR)/PrivateFrameworks\"";
				GCC_DYNAMIC_NO_PIC = NO;
				GCC_ENABLE_FIX_AND_CONTINUE = YES;
				GCC_ENABLE_TRIGRAPHS = NO;
				GCC_GENERATE_DEBUGGING_SYMBOLS = YES;
				GCC_OPTIMIZATION_LEVEL = 0;
				GCC_PRECOMPILE_PREFIX_HEADER = YES;
				GCC_PREFIX_HEADER = WiFiGUI_Prefix.pch;
				GCC_WARN_ABOUT_MISSING_PROTOTYPES = NO;
				GCC_WARN_FOUR_CHARACTER_CONSTANTS = NO;
				GCC_WARN_UNKNOWN_PRAGMAS = NO;
				HEADER_SEARCH_PATHS = "";
				INFOPLIST_FILE = Info.plist;
				INSTALL_PATH = "$(HOME)/Applications";
				LIBRARY_SEARCH_PATHS = "\"/usr/lib\"";
				OPTIMIZATION_CFLAGS = "-O0";
				OTHER_CFLAGS = "";
				OTHER_LDFLAGS = "";
				PRODUCT_NAME = WiFiGUI;
				SECTORDER_FLAGS = "";
				WARNING_CFLAGS = (
					"-Wmost",
					"-Wno-four-char-constants",
					"-Wno-unknown-pragmas",
				);
				WRAPPER_EXTENSION = app;
				ZERO_LINK = YES;
			};
			name = Development;
		};
		0060D41A086C22F1003A0458 /* Deployment */ = {
			isa = XCBuildConfiguration;
			buildSettings = {
				COPY_PHASE_STRIP = YES;
				FRAMEWORK_SEARCH_PATHS = "\"$(SYSTEM_LIBRARY_DIR)/PrivateFrameworks\"";
				GCC_ENABLE_FIX_AND_CONTINUE = NO;
				GCC_ENABLE_TRIGRAPHS = NO;
				GCC_GENERATE_DEBUGGING_SYMBOLS = NO;
				GCC_PRECOMPILE_PREFIX_HEADER = YES;
				GCC_PREFIX_HEADER = WiFiGUI_Prefix.pch;
				GCC_WARN_ABOUT_MISSING_PROTOTYPES = NO;
				GCC_WARN_FOUR_CHARACTER_CONSTANTS = NO;
				GCC_WARN_UNKNOWN_PRAGMAS = NO;
				HEADER_SEARCH_PATHS = "";
				INFOPLIST_FILE = Info.plist;
				INSTALL_PATH = "$(HOME)/Applications";
				LIBRARY_SEARCH_PATHS = "\"/usr/lib\"";
				OTHER_CFLAGS = "";
				OTHER_LDFLAGS = "";
				PRODUCT_NAME = WiFiGUI;
				SECTORDER_FLAGS = "";
				WARNING_CFLAGS = (
					"-Wmost",
					"-Wno-four-char-constants",
					"-Wno-unknown-pragmas",
				);
				WRAPPER_EXTENSION = app;
				ZERO_LINK = NO;
			};
			name = Deployment;
		};
		0060D41B086C22F1003A0458 /* Default */ = {
			isa = XCBuildConfiguration;
			buildSettings = {
				FRAMEWORK_SEARCH_PATHS = "\"$(SYSTEM_LIBRARY_DIR)/PrivateFrameworks\"";
				GCC_ENABLE_TRIGRAPHS = NO;
				GCC_GENERATE_DEBUGGING_SYMBOLS = NO;
				GCC_PRECOMPILE_PREFIX_HEADER = YES;
				GCC_PREFIX_HEADER = WiFiGUI_Prefix.pch;
				GCC_WARN_ABOUT_MISSING_PROTOTYPES = NO;
				GCC_WARN_FOUR_CHARACTER_CONSTANTS = NO;
				GCC_WARN_UNKNOWN_PRAGMAS = NO;
				HEADER_SEARCH_PATHS = "";
				INFOPLIST_FILE = Info.plist;
				INSTALL_PATH = "$(HOME)/Applications";
				LIBRARY_SEARCH_PATHS = "\"/usr/lib\"";
				OTHER_CFLAGS = "";
				OTHER_LDFLAGS = "";
				PRODUCT_NAME = WiFiGUI;
				SECTORDER_FLAGS = "";
				WARNING_CFLAGS = (
					"-Wmost",
					"-Wno-four-char-constants",
					"-Wno-unknown-pragmas",
				);
				WRAPPER_EXTENSION = app;
			};
			name = Default;
		};
		0060D41D086C22F1003A0458 /* Development */ = {
			isa = XCBuildConfiguration;
			buildSettings = {
			};
			name = Development;
		};
		0060D41E086C22F1003A0458 /* Deployment */ = {
			isa = XCBuildConfiguration;
			buildSettings = {
			};
			name = Deployment;
		};
		0060D41F086C22F1003A0458 /* Default */ = {
			isa = XCBuildConfiguration;
			buildSettings = {
			};
			name = Default;
		};
/* End XCBuildConfiguration section */

/* Begin XCConfigurationList section */
		0060D418086C22F1003A0458 /* Build configuration list for PBXNativeTarget "WiFiGUI" */ = {
			isa = XCConfigurationList;
			buildConfigurations = (
				0060D419086C22F1003A0458 /* Development */,
				0060D41A086C22F1003A0458 /* Deployment */,
				0060D41B086C22F1003A0458 /* Default */,
			);
			defaultConfigurationIsVisible = 0;
			defaultConfigurationName = Default;
		};
		0060D41C086C22F1003A0458 /* Build configuration list for PBXProject "WiFiGUI" */ = {
			isa = XCConfigurationList;
			buildConfigurations = (
				0060D41D086C22F1003A0458 /* Development */,
				0060D41E086C22F1003A0458 /* Deployment */,
				0060D41F086C22F1003A0458 /* Default */,
			);
			defaultConfigurationIsVisible = 0;
			defaultConfigurationName = Default;
		};
/* End XCConfigurationList section */
	};
	rootObject = 29B97313FDCFA39411CA2CEA /* Project object */;
}
