// !$*UTF8*$!
{
	archiveVersion = 1;
	classes = {
	};
	objectVersion = 39;
	objects = {
		001EA377084E0D9800960A18 = {
			isa = PBXFileReference;
			lastKnownFileType = "compiled.mach-o.dylib";
			name = libSystem.B.dylib;
			path = /usr/lib/libSystem.B.dylib;
			refType = 0;
			sourceTree = "<absolute>";
		};
		001EA378084E0D9800960A18 = {
			fileRef = 001EA377084E0D9800960A18;
			isa = PBXBuildFile;
			settings = {
			};
		};
		0062470D083283B60023D3AB = {
			fileEncoding = 4;
			isa = PBXFileReference;
			lastKnownFileType = sourcecode.c.h;
			path = Network.h;
			refType = 4;
			sourceTree = "<group>";
		};
		0062470E083283B60023D3AB = {
			fileEncoding = 4;
			isa = PBXFileReference;
			lastKnownFileType = sourcecode.cpp.cpp;
			path = Network.cpp;
			refType = 4;
			sourceTree = "<group>";
		};
		0062470F083283B60023D3AB = {
			fileRef = 0062470D083283B60023D3AB;
			isa = PBXBuildFile;
			settings = {
			};
		};
		00624710083283B60023D3AB = {
			fileRef = 0062470E083283B60023D3AB;
			isa = PBXBuildFile;
			settings = {
			};
		};
		006C4127084C585500ED552B = {
			fileEncoding = 4;
			isa = PBXFileReference;
			lastKnownFileType = sourcecode.c.h;
			path = Screen.h;
			refType = 4;
			sourceTree = "<group>";
		};
		006C4128084C585500ED552B = {
			fileEncoding = 4;
			isa = PBXFileReference;
			lastKnownFileType = sourcecode.cpp.cpp;
			path = Screen.cpp;
			refType = 4;
			sourceTree = "<group>";
		};
		006C4129084C585500ED552B = {
			fileRef = 006C4127084C585500ED552B;
			isa = PBXBuildFile;
			settings = {
			};
		};
		006C412A084C585500ED552B = {
			fileRef = 006C4128084C585500ED552B;
			isa = PBXBuildFile;
			settings = {
			};
		};
		006C4358084C8B6D00ED552B = {
			isa = PBXFileReference;
			lastKnownFileType = "compiled.mach-o.dylib";
			name = libncurses.5.dylib;
			path = /usr/lib/libncurses.5.dylib;
			refType = 0;
			sourceTree = "<absolute>";
		};
		006C4359084C8B6D00ED552B = {
			fileRef = 006C4358084C8B6D00ED552B;
			isa = PBXBuildFile;
			settings = {
			};
		};
		006C4384084CB91300ED552B = {
			fileEncoding = 4;
			isa = PBXFileReference;
			lastKnownFileType = sourcecode.c.h;
			path = PacketSource.h;
			refType = 4;
			sourceTree = "<group>";
		};
		006C4386084CB91300ED552B = {
			fileRef = 006C4384084CB91300ED552B;
			isa = PBXBuildFile;
			settings = {
			};
		};
		006C438C084CB9E600ED552B = {
			fileEncoding = 4;
			isa = PBXFileReference;
			lastKnownFileType = sourcecode.c.h;
			path = PacketSourcePCAP.h;
			refType = 4;
			sourceTree = "<group>";
		};
		006C438D084CB9E600ED552B = {
			fileEncoding = 4;
			isa = PBXFileReference;
			lastKnownFileType = sourcecode.cpp.cpp;
			path = PacketSourcePCAP.cpp;
			refType = 4;
			sourceTree = "<group>";
		};
		006C438E084CB9E600ED552B = {
			fileRef = 006C438C084CB9E600ED552B;
			isa = PBXBuildFile;
			settings = {
			};
		};
		006C438F084CB9E600ED552B = {
			fileRef = 006C438D084CB9E600ED552B;
			isa = PBXBuildFile;
			settings = {
			};
		};
		006C4500084CC37300ED552B = {
			isa = PBXFileReference;
			lastKnownFileType = "compiled.mach-o.dylib";
			name = libpcap.A.dylib;
			path = /usr/lib/libpcap.A.dylib;
			refType = 0;
			sourceTree = "<absolute>";
		};
		006C4501084CC37300ED552B = {
			fileRef = 006C4500084CC37300ED552B;
			isa = PBXBuildFile;
			settings = {
			};
		};
		00723C240833DCD5006640FE = {
			fileEncoding = 4;
			isa = PBXFileReference;
			lastKnownFileType = sourcecode.c.h;
			path = IEEE80211.h;
			refType = 4;
			sourceTree = "<group>";
		};
		00723C250833DCD5006640FE = {
			fileRef = 00723C240833DCD5006640FE;
			isa = PBXBuildFile;
			settings = {
			};
		};
//000
//001
//002
//003
//004
//010
//011
//012
//013
//014
		014CEA460018CE2711CA2923 = {
			buildSettings = {
				COPY_PHASE_STRIP = NO;
				GCC_DYNAMIC_NO_PIC = NO;
				GCC_ENABLE_FIX_AND_CONTINUE = YES;
				GCC_GENERATE_DEBUGGING_SYMBOLS = YES;
				GCC_OPTIMIZATION_LEVEL = 0;
				ZERO_LINK = YES;
			};
			isa = PBXBuildStyle;
			name = Development;
		};
		014CEA470018CE2711CA2923 = {
			buildSettings = {
				COPY_PHASE_STRIP = YES;
				GCC_ENABLE_FIX_AND_CONTINUE = NO;
				ZERO_LINK = NO;
			};
			isa = PBXBuildStyle;
			name = Deployment;
		};
//010
//011
//012
//013
//014
//080
//081
//082
//083
//084
		08FB7793FE84155DC02AAC07 = {
			buildSettings = {
			};
			buildStyles = (
				014CEA460018CE2711CA2923,
				014CEA470018CE2711CA2923,
			);
			hasScannedForEncodings = 1;
			isa = PBXProject;
			mainGroup = 08FB7794FE84155DC02AAC07;
			projectDirPath = "";
			targets = (
				8DD76F620486A84900D96B5E,
			);
		};
		08FB7794FE84155DC02AAC07 = {
			children = (
				001EA377084E0D9800960A18,
				006C4500084CC37300ED552B,
				006C4358084C8B6D00ED552B,
				08FB7795FE84155DC02AAC07,
				C6859E8C029090F304C91782,
				1AB674ADFE9D54B511CA2CBB,
			);
			isa = PBXGroup;
			name = SSIDLister;
			refType = 4;
			sourceTree = "<group>";
		};
		08FB7795FE84155DC02AAC07 = {
			children = (
				08FB7796FE84155DC02AAC07,
				006C4384084CB91300ED552B,
				006C438C084CB9E600ED552B,
				006C438D084CB9E600ED552B,
				0062470D083283B60023D3AB,
				0062470E083283B60023D3AB,
				006C4127084C585500ED552B,
				006C4128084C585500ED552B,
				00723C240833DCD5006640FE,
			);
			isa = PBXGroup;
			name = Source;
			refType = 4;
			sourceTree = "<group>";
		};
		08FB7796FE84155DC02AAC07 = {
			fileEncoding = 4;
			isa = PBXFileReference;
			lastKnownFileType = sourcecode.cpp.cpp;
			path = main.cpp;
			refType = 4;
			sourceTree = "<group>";
		};
//080
//081
//082
//083
//084
//1A0
//1A1
//1A2
//1A3
//1A4
		1AB674ADFE9D54B511CA2CBB = {
			children = (
				8DD76F6C0486A84900D96B5E,
			);
			isa = PBXGroup;
			name = Products;
			refType = 4;
			sourceTree = "<group>";
		};
//1A0
//1A1
//1A2
//1A3
//1A4
//8D0
//8D1
//8D2
//8D3
//8D4
		8DD76F620486A84900D96B5E = {
			buildPhases = (
				8DD76F640486A84900D96B5E,
				8DD76F660486A84900D96B5E,
				8DD76F690486A84900D96B5E,
			);
			buildRules = (
			);
			buildSettings = {
				GCC_GENERATE_DEBUGGING_SYMBOLS = NO;
				GCC_MODEL_TUNING = G5;
				GCC_WARN_ABOUT_RETURN_TYPE = YES;
				GCC_WARN_UNUSED_VARIABLE = YES;
				INSTALL_PATH = "$(HOME)/bin";
				PREBINDING = NO;
				PRODUCT_NAME = SSIDLister;
			};
			dependencies = (
			);
			isa = PBXNativeTarget;
			name = SSIDLister;
			productInstallPath = "$(HOME)/bin";
			productName = SSIDLister;
			productReference = 8DD76F6C0486A84900D96B5E;
			productType = "com.apple.product-type.tool";
		};
		8DD76F640486A84900D96B5E = {
			buildActionMask = 2147483647;
			files = (
				8DD76F650486A84900D96B5E,
				00624710083283B60023D3AB,
				006C412A084C585500ED552B,
				006C438F084CB9E600ED552B,
			);
			isa = PBXSourcesBuildPhase;
			runOnlyForDeploymentPostprocessing = 0;
		};
		8DD76F650486A84900D96B5E = {
			fileRef = 08FB7796FE84155DC02AAC07;
			isa = PBXBuildFile;
			settings = {
				ATTRIBUTES = (
				);
			};
		};
		8DD76F660486A84900D96B5E = {
			buildActionMask = 2147483647;
			files = (
				006C4359084C8B6D00ED552B,
				006C4501084CC37300ED552B,
				001EA378084E0D9800960A18,
			);
			isa = PBXFrameworksBuildPhase;
			runOnlyForDeploymentPostprocessing = 0;
		};
		8DD76F690486A84900D96B5E = {
			buildActionMask = 8;
			dstPath = /usr/share/man/man1/;
			dstSubfolderSpec = 0;
			files = (
				8DD76F6A0486A84900D96B5E,
				0062470F083283B60023D3AB,
				00723C250833DCD5006640FE,
				006C4129084C585500ED552B,
				006C4386084CB91300ED552B,
				006C438E084CB9E600ED552B,
			);
			isa = PBXCopyFilesBuildPhase;
			runOnlyForDeploymentPostprocessing = 1;
		};
		8DD76F6A0486A84900D96B5E = {
			fileRef = C6859E8B029090EE04C91782;
			isa = PBXBuildFile;
			settings = {
			};
		};
		8DD76F6C0486A84900D96B5E = {
			explicitFileType = "compiled.mach-o.executable";
			includeInIndex = 0;
			isa = PBXFileReference;
			path = SSIDLister;
			refType = 3;
			sourceTree = BUILT_PRODUCTS_DIR;
		};
//8D0
//8D1
//8D2
//8D3
//8D4
//C60
//C61
//C62
//C63
//C64
		C6859E8B029090EE04C91782 = {
			isa = PBXFileReference;
			lastKnownFileType = text.man;
			path = SSIDLister.1;
			refType = 4;
			sourceTree = "<group>";
		};
		C6859E8C029090F304C91782 = {
			children = (
				C6859E8B029090EE04C91782,
			);
			isa = PBXGroup;
			name = Documentation;
			refType = 4;
			sourceTree = "<group>";
		};
	};
	rootObject = 08FB7793FE84155DC02AAC07;
}
