// !$*UTF8*$!
{
	archiveVersion = 1;
	classes = {
	};
	objectVersion = 39;
	objects = {
		00C0B3460665385200B1F653 = {
			fileEncoding = 4;
			isa = PBXFileReference;
			lastKnownFileType = sourcecode.c.h;
			path = WiFiUserClient.h;
			refType = 4;
			sourceTree = "<group>";
		};
		00C0B3470665385200B1F653 = {
			fileEncoding = 4;
			isa = PBXFileReference;
			lastKnownFileType = sourcecode.cpp.cpp;
			path = WiFiUserClient.cpp;
			refType = 4;
			sourceTree = "<group>";
		};
		00C0B3480665385200B1F653 = {
			fileRef = 00C0B3460665385200B1F653;
			isa = PBXBuildFile;
			settings = {
			};
		};
		00C0B3490665385200B1F653 = {
			fileRef = 00C0B3470665385200B1F653;
			isa = PBXBuildFile;
			settings = {
			};
		};
		00C0B34E06653A7600B1F653 = {
			fileEncoding = 4;
			isa = PBXFileReference;
			lastKnownFileType = sourcecode.c.h;
			path = WiFiUserInterface.h;
			refType = 4;
			sourceTree = "<group>";
		};
		00C0B34F06653A7600B1F653 = {
			fileRef = 00C0B34E06653A7600B1F653;
			isa = PBXBuildFile;
			settings = {
			};
		};
		00CE4838065FE84300225F0A = {
			fileEncoding = 4;
			isa = PBXFileReference;
			lastKnownFileType = sourcecode.c.h;
			path = WiFiController.h;
			refType = 4;
			sourceTree = "<group>";
		};
		00CE4839065FE84300225F0A = {
			fileEncoding = 4;
			isa = PBXFileReference;
			lastKnownFileType = sourcecode.cpp.cpp;
			path = WiFiController.cpp;
			refType = 4;
			sourceTree = "<group>";
		};
		00CE483A065FE84300225F0A = {
			fileRef = 00CE4838065FE84300225F0A;
			isa = PBXBuildFile;
			settings = {
			};
		};
		00CE483B065FE84300225F0A = {
			fileRef = 00CE4839065FE84300225F0A;
			isa = PBXBuildFile;
			settings = {
			};
		};
		00CE484B0660817500225F0A = {
			fileEncoding = 4;
			isa = PBXFileReference;
			lastKnownFileType = sourcecode.c.h;
			path = WiFiControllerPCI.h;
			refType = 4;
			sourceTree = "<group>";
		};
		00CE484C0660817500225F0A = {
			fileEncoding = 4;
			isa = PBXFileReference;
			lastKnownFileType = sourcecode.cpp.cpp;
			path = WiFiControllerPCI.cpp;
			refType = 4;
			sourceTree = "<group>";
		};
		00CE484D0660817500225F0A = {
			fileRef = 00CE484B0660817500225F0A;
			isa = PBXBuildFile;
			settings = {
			};
		};
		00CE484E0660817500225F0A = {
			fileRef = 00CE484C0660817500225F0A;
			isa = PBXBuildFile;
			settings = {
			};
		};
		00CE486E066094DB00225F0A = {
			fileEncoding = 4;
			isa = PBXFileReference;
			lastKnownFileType = sourcecode.c.h;
			path = WiFiLogger.h;
			refType = 4;
			sourceTree = "<group>";
		};
		00CE486F066094DB00225F0A = {
			fileRef = 00CE486E066094DB00225F0A;
			isa = PBXBuildFile;
			settings = {
			};
		};
		00CE4872066095A600225F0A = {
			fileEncoding = 4;
			isa = PBXFileReference;
			lastKnownFileType = sourcecode.c.h;
			path = GTIDs.h;
			refType = 4;
			sourceTree = "<group>";
		};
		00CE4873066095A600225F0A = {
			fileRef = 00CE4872066095A600225F0A;
			isa = PBXBuildFile;
			settings = {
			};
		};
		00CE48C70660962F00225F0A = {
			fileEncoding = 30;
			isa = PBXFileReference;
			lastKnownFileType = sourcecode.c.h;
			path = GTFirmware.h;
			refType = 4;
			sourceTree = "<group>";
		};
		00CE48C80660962F00225F0A = {
			fileRef = 00CE48C70660962F00225F0A;
			isa = PBXBuildFile;
			settings = {
			};
		};
		00CE48C90660963900225F0A = {
			children = (
				00CE48C70660962F00225F0A,
			);
			isa = PBXGroup;
			name = Firmware;
			refType = 4;
			sourceTree = "<group>";
		};
		00E651B2067DC6E2009DC735 = {
			fileEncoding = 4;
			isa = PBXFileReference;
			lastKnownFileType = sourcecode.cpp.cpp;
			path = WiFiPower.cpp;
			refType = 4;
			sourceTree = "<group>";
		};
		00E651B3067DC6E2009DC735 = {
			fileRef = 00E651B2067DC6E2009DC735;
			isa = PBXBuildFile;
			settings = {
			};
		};
		00E9374207E9809C00AFDBC9 = {
			fileEncoding = 4;
			isa = PBXFileReference;
			lastKnownFileType = sourcecode.c.h;
			path = BIWiFiInterface.h;
			refType = 4;
			sourceTree = "<group>";
		};
		00E9374307E9809C00AFDBC9 = {
			fileEncoding = 4;
			isa = PBXFileReference;
			lastKnownFileType = sourcecode.cpp.cpp;
			path = BIWiFiInterface.cpp;
			refType = 4;
			sourceTree = "<group>";
		};
		00E9374407E9809C00AFDBC9 = {
			fileRef = 00E9374207E9809C00AFDBC9;
			isa = PBXBuildFile;
			settings = {
			};
		};
//000
//001
//002
//003
//004
//060
//061
//062
//063
//064
		06AA1265FFB2107B11CA28AA = {
			buildSettings = {
				COPY_PHASE_STRIP = NO;
				GCC_DYNAMIC_NO_PIC = NO;
				GCC_ENABLE_FIX_AND_CONTINUE = YES;
				GCC_GENERATE_DEBUGGING_SYMBOLS = YES;
				GCC_OPTIMIZATION_LEVEL = 0;
				OPTIMIZATION_CFLAGS = "-O0";
				ZERO_LINK = YES;
			};
			isa = PBXBuildStyle;
			name = Development;
		};
		06AA1266FFB2107B11CA28AA = {
			buildSettings = {
				COPY_PHASE_STRIP = YES;
				GCC_ENABLE_FIX_AND_CONTINUE = NO;
				ZERO_LINK = NO;
			};
			isa = PBXBuildStyle;
			name = Deployment;
		};
//060
//061
//062
//063
//064
//080
//081
//082
//083
//084
		089C1669FE841209C02AAC07 = {
			buildSettings = {
			};
			buildStyles = (
				06AA1265FFB2107B11CA28AA,
				06AA1266FFB2107B11CA28AA,
			);
			hasScannedForEncodings = 1;
			isa = PBXProject;
			mainGroup = 089C166AFE841209C02AAC07;
			projectDirPath = "";
			targets = (
				32D94FC30562CBF700B6AF17,
			);
		};
		089C166AFE841209C02AAC07 = {
			children = (
				247142CAFF3F8F9811CA285C,
				089C167CFE841241C02AAC07,
				19C28FB6FE9D52B211CA2CBB,
			);
			isa = PBXGroup;
			name = GTDriver;
			refType = 4;
			sourceTree = "<group>";
		};
		089C167CFE841241C02AAC07 = {
			children = (
				32D94FCF0562CBF700B6AF17,
				089C167DFE841241C02AAC07,
			);
			isa = PBXGroup;
			name = Resources;
			refType = 4;
			sourceTree = "<group>";
		};
		089C167DFE841241C02AAC07 = {
			children = (
				089C167EFE841241C02AAC07,
			);
			isa = PBXVariantGroup;
			name = InfoPlist.strings;
			refType = 4;
			sourceTree = "<group>";
		};
		089C167EFE841241C02AAC07 = {
			fileEncoding = 10;
			isa = PBXFileReference;
			lastKnownFileType = text.plist.strings;
			name = English;
			path = English.lproj/InfoPlist.strings;
			refType = 4;
			sourceTree = "<group>";
		};
//080
//081
//082
//083
//084
//190
//191
//192
//193
//194
		19C28FB6FE9D52B211CA2CBB = {
			children = (
				32D94FD00562CBF700B6AF17,
			);
			isa = PBXGroup;
			name = Products;
			refType = 4;
			sourceTree = "<group>";
		};
//190
//191
//192
//193
//194
//1A0
//1A1
//1A2
//1A3
//1A4
		1A224C3EFF42367911CA2CB7 = {
			fileEncoding = 4;
			isa = PBXFileReference;
			lastKnownFileType = sourcecode.c.h;
			path = GTDriver.h;
			refType = 4;
			sourceTree = "<group>";
		};
		1A224C3FFF42367911CA2CB7 = {
			fileEncoding = 4;
			isa = PBXFileReference;
			lastKnownFileType = sourcecode.cpp.cpp;
			path = GTDriver.cpp;
			refType = 4;
			sourceTree = "<group>";
		};
//1A0
//1A1
//1A2
//1A3
//1A4
//240
//241
//242
//243
//244
		247142CAFF3F8F9811CA285C = {
			children = (
				00E9374207E9809C00AFDBC9,
				00E9374307E9809C00AFDBC9,
				00CE48C90660963900225F0A,
				00CE4872066095A600225F0A,
				1A224C3EFF42367911CA2CB7,
				1A224C3FFF42367911CA2CB7,
				00CE486E066094DB00225F0A,
				00CE4838065FE84300225F0A,
				00CE4839065FE84300225F0A,
				00CE484B0660817500225F0A,
				00CE484C0660817500225F0A,
				00E651B2067DC6E2009DC735,
				00C0B34E06653A7600B1F653,
				00C0B3460665385200B1F653,
				00C0B3470665385200B1F653,
			);
			isa = PBXGroup;
			name = Source;
			path = "";
			refType = 4;
			sourceTree = "<group>";
		};
//240
//241
//242
//243
//244
//320
//321
//322
//323
//324
		32D94FC30562CBF700B6AF17 = {
			buildPhases = (
				32D94FC50562CBF700B6AF17,
				32D94FC70562CBF700B6AF17,
				32D94FC90562CBF700B6AF17,
				32D94FCB0562CBF700B6AF17,
				32D94FCC0562CBF700B6AF17,
			);
			buildRules = (
			);
			buildSettings = {
				FRAMEWORK_SEARCH_PATHS = "";
				GCC_WARN_FOUR_CHARACTER_CONSTANTS = NO;
				GCC_WARN_UNKNOWN_PRAGMAS = NO;
				HEADER_SEARCH_PATHS = "";
				INFOPLIST_FILE = Info.plist;
				INSTALL_PATH = "$(SYSTEM_LIBRARY_DIR)/Extensions";
				LIBRARY_SEARCH_PATHS = "";
				MODULE_NAME = de.binaervarianz.driver.GTDriver;
				MODULE_VERSION = 1.0.0d1;
				OTHER_CFLAGS = "";
				OTHER_LDFLAGS = "";
				OTHER_REZFLAGS = "";
				PRODUCT_NAME = GTDriver;
				SECTORDER_FLAGS = "";
				WARNING_CFLAGS = "-Wmost";
				WRAPPER_EXTENSION = kext;
			};
			dependencies = (
			);
			isa = PBXNativeTarget;
			name = GTDriver;
			productInstallPath = "$(SYSTEM_LIBRARY_DIR)/Extensions";
			productName = GTDriver;
			productReference = 32D94FD00562CBF700B6AF17;
			productType = "com.apple.product-type.kernel-extension.iokit";
		};
		32D94FC50562CBF700B6AF17 = {
			buildActionMask = 2147483647;
			files = (
				32D94FC60562CBF700B6AF17,
				00CE483A065FE84300225F0A,
				00CE484D0660817500225F0A,
				00CE486F066094DB00225F0A,
				00CE4873066095A600225F0A,
				00CE48C80660962F00225F0A,
				00C0B3480665385200B1F653,
				00C0B34F06653A7600B1F653,
				00E9374407E9809C00AFDBC9,
			);
			isa = PBXHeadersBuildPhase;
			runOnlyForDeploymentPostprocessing = 0;
		};
		32D94FC60562CBF700B6AF17 = {
			fileRef = 1A224C3EFF42367911CA2CB7;
			isa = PBXBuildFile;
			settings = {
			};
		};
		32D94FC70562CBF700B6AF17 = {
			buildActionMask = 2147483647;
			files = (
				32D94FC80562CBF700B6AF17,
			);
			isa = PBXResourcesBuildPhase;
			runOnlyForDeploymentPostprocessing = 0;
		};
		32D94FC80562CBF700B6AF17 = {
			fileRef = 089C167DFE841241C02AAC07;
			isa = PBXBuildFile;
			settings = {
			};
		};
		32D94FC90562CBF700B6AF17 = {
			buildActionMask = 2147483647;
			files = (
				32D94FCA0562CBF700B6AF17,
				00CE483B065FE84300225F0A,
				00CE484E0660817500225F0A,
				00C0B3490665385200B1F653,
				00E651B3067DC6E2009DC735,
			);
			isa = PBXSourcesBuildPhase;
			runOnlyForDeploymentPostprocessing = 0;
		};
		32D94FCA0562CBF700B6AF17 = {
			fileRef = 1A224C3FFF42367911CA2CB7;
			isa = PBXBuildFile;
			settings = {
				ATTRIBUTES = (
				);
			};
		};
		32D94FCB0562CBF700B6AF17 = {
			buildActionMask = 2147483647;
			files = (
			);
			isa = PBXFrameworksBuildPhase;
			runOnlyForDeploymentPostprocessing = 0;
		};
		32D94FCC0562CBF700B6AF17 = {
			buildActionMask = 2147483647;
			files = (
			);
			isa = PBXRezBuildPhase;
			runOnlyForDeploymentPostprocessing = 0;
		};
		32D94FCF0562CBF700B6AF17 = {
			isa = PBXFileReference;
			lastKnownFileType = text.xml;
			path = Info.plist;
			refType = 4;
			sourceTree = "<group>";
		};
		32D94FD00562CBF700B6AF17 = {
			explicitFileType = wrapper.cfbundle;
			includeInIndex = 0;
			isa = PBXFileReference;
			path = GTDriver.kext;
			refType = 3;
			sourceTree = BUILT_PRODUCTS_DIR;
		};
	};
	rootObject = 089C1669FE841209C02AAC07;
}
