// !$*UTF8*$!
{
	archiveVersion = 1;
	classes = {
	};
	objectVersion = 42;
	objects = {

/* Begin PBXBuildFile section */
		001EA378084E0D9800960A18 /* libSystem.B.dylib in Frameworks */ = {isa = PBXBuildFile; fileRef = 001EA377084E0D9800960A18 /* libSystem.B.dylib */; };
		0062470F083283B60023D3AB /* Network.h in CopyFiles */ = {isa = PBXBuildFile; fileRef = 0062470D083283B60023D3AB /* Network.h */; };
		00624710083283B60023D3AB /* Network.cpp in Sources */ = {isa = PBXBuildFile; fileRef = 0062470E083283B60023D3AB /* Network.cpp */; };
		006C4129084C585500ED552B /* Screen.h in CopyFiles */ = {isa = PBXBuildFile; fileRef = 006C4127084C585500ED552B /* Screen.h */; };
		006C412A084C585500ED552B /* Screen.cpp in Sources */ = {isa = PBXBuildFile; fileRef = 006C4128084C585500ED552B /* Screen.cpp */; };
		006C4359084C8B6D00ED552B /* libncurses.5.dylib in Frameworks */ = {isa = PBXBuildFile; fileRef = 006C4358084C8B6D00ED552B /* libncurses.5.dylib */; };
		006C4386084CB91300ED552B /* PacketSource.h in CopyFiles */ = {isa = PBXBuildFile; fileRef = 006C4384084CB91300ED552B /* PacketSource.h */; };
		006C438E084CB9E600ED552B /* PacketSourcePCAP.h in CopyFiles */ = {isa = PBXBuildFile; fileRef = 006C438C084CB9E600ED552B /* PacketSourcePCAP.h */; };
		006C438F084CB9E600ED552B /* PacketSourcePCAP.cpp in Sources */ = {isa = PBXBuildFile; fileRef = 006C438D084CB9E600ED552B /* PacketSourcePCAP.cpp */; };
		006C4501084CC37300ED552B /* libpcap.A.dylib in Frameworks */ = {isa = PBXBuildFile; fileRef = 006C4500084CC37300ED552B /* libpcap.A.dylib */; };
		00723C250833DCD5006640FE /* IEEE80211.h in CopyFiles */ = {isa = PBXBuildFile; fileRef = 00723C240833DCD5006640FE /* IEEE80211.h */; };
		00C78E3E0859C8E100F94A2C /* BeaconAttr.h in CopyFiles */ = {isa = PBXBuildFile; fileRef = 00C78E3C0859C8E100F94A2C /* BeaconAttr.h */; };
		00C78E3F0859C8E100F94A2C /* BeaconAttr.cpp in Sources */ = {isa = PBXBuildFile; fileRef = 00C78E3D0859C8E100F94A2C /* BeaconAttr.cpp */; };
		00C7958D0861CB1600F94A2C /* PacketSourceUSB.h in CopyFiles */ = {isa = PBXBuildFile; fileRef = 00C7958B0861CB1600F94A2C /* PacketSourceUSB.h */; };
		00C7958E0861CB1600F94A2C /* PacketSourceUSB.cpp in Sources */ = {isa = PBXBuildFile; fileRef = 00C7958C0861CB1600F94A2C /* PacketSourceUSB.cpp */; };
		00C79B190861DBE900F94A2C /* prism2.h in CopyFiles */ = {isa = PBXBuildFile; fileRef = 00C79B150861DBE900F94A2C /* prism2.h */; };
		00C79B1A0861DBE900F94A2C /* structs.h in CopyFiles */ = {isa = PBXBuildFile; fileRef = 00C79B160861DBE900F94A2C /* structs.h */; };
		00C79B1B0861DBE900F94A2C /* USBIntersil.h in CopyFiles */ = {isa = PBXBuildFile; fileRef = 00C79B170861DBE900F94A2C /* USBIntersil.h */; };
		00C79B1C0861DBE900F94A2C /* USBIntersil.mm in Sources */ = {isa = PBXBuildFile; fileRef = 00C79B180861DBE900F94A2C /* USBIntersil.mm */; };
		00C79B240861DC3C00F94A2C /* Carbon.framework in Frameworks */ = {isa = PBXBuildFile; fileRef = 00C79B210861DC3C00F94A2C /* Carbon.framework */; };
		00C79B250861DC3C00F94A2C /* Cocoa.framework in Frameworks */ = {isa = PBXBuildFile; fileRef = 00C79B220861DC3C00F94A2C /* Cocoa.framework */; };
		00C79B260861DC3C00F94A2C /* IOKit.framework in Frameworks */ = {isa = PBXBuildFile; fileRef = 00C79B230861DC3C00F94A2C /* IOKit.framework */; };
		8DD76F650486A84900D96B5E /* main.cpp in Sources */ = {isa = PBXBuildFile; fileRef = 08FB7796FE84155DC02AAC07 /* main.cpp */; settings = {ATTRIBUTES = (); }; };
		8DD76F6A0486A84900D96B5E /* SSIDLister.1 in CopyFiles */ = {isa = PBXBuildFile; fileRef = C6859E8B029090EE04C91782 /* SSIDLister.1 */; };
/* End PBXBuildFile section */

/* Begin PBXBuildStyle section */
		014CEA460018CE2711CA2923 /* Development */ = {
			isa = PBXBuildStyle;
			buildSettings = {
				COPY_PHASE_STRIP = NO;
				GCC_DYNAMIC_NO_PIC = NO;
				GCC_ENABLE_FIX_AND_CONTINUE = YES;
				GCC_GENERATE_DEBUGGING_SYMBOLS = YES;
				GCC_OPTIMIZATION_LEVEL = 0;
				ZERO_LINK = YES;
			};
			name = Development;
		};
		014CEA470018CE2711CA2923 /* Deployment */ = {
			isa = PBXBuildStyle;
			buildSettings = {
				COPY_PHASE_STRIP = YES;
				GCC_ENABLE_FIX_AND_CONTINUE = NO;
				ZERO_LINK = NO;
			};
			name = Deployment;
		};
/* End PBXBuildStyle section */

/* Begin PBXCopyFilesBuildPhase section */
		8DD76F690486A84900D96B5E /* CopyFiles */ = {
			isa = PBXCopyFilesBuildPhase;
			buildActionMask = 8;
			dstPath = /usr/share/man/man1/;
			dstSubfolderSpec = 0;
			files = (
				8DD76F6A0486A84900D96B5E /* SSIDLister.1 in CopyFiles */,
				0062470F083283B60023D3AB /* Network.h in CopyFiles */,
				00723C250833DCD5006640FE /* IEEE80211.h in CopyFiles */,
				006C4129084C585500ED552B /* Screen.h in CopyFiles */,
				006C4386084CB91300ED552B /* PacketSource.h in CopyFiles */,
				006C438E084CB9E600ED552B /* PacketSourcePCAP.h in CopyFiles */,
				00C78E3E0859C8E100F94A2C /* BeaconAttr.h in CopyFiles */,
				00C7958D0861CB1600F94A2C /* PacketSourceUSB.h in CopyFiles */,
				00C79B190861DBE900F94A2C /* prism2.h in CopyFiles */,
				00C79B1A0861DBE900F94A2C /* structs.h in CopyFiles */,
				00C79B1B0861DBE900F94A2C /* USBIntersil.h in CopyFiles */,
			);
			runOnlyForDeploymentPostprocessing = 1;
		};
/* End PBXCopyFilesBuildPhase section */

/* Begin PBXFileReference section */
		001EA377084E0D9800960A18 /* libSystem.B.dylib */ = {isa = PBXFileReference; lastKnownFileType = "compiled.mach-o.dylib"; name = libSystem.B.dylib; path = /usr/lib/libSystem.B.dylib; sourceTree = "<absolute>"; };
		0062470D083283B60023D3AB /* Network.h */ = {isa = PBXFileReference; fileEncoding = 4; lastKnownFileType = sourcecode.c.h; path = Network.h; sourceTree = "<group>"; };
		0062470E083283B60023D3AB /* Network.cpp */ = {isa = PBXFileReference; fileEncoding = 4; lastKnownFileType = sourcecode.cpp.cpp; path = Network.cpp; sourceTree = "<group>"; };
		006C4127084C585500ED552B /* Screen.h */ = {isa = PBXFileReference; fileEncoding = 4; lastKnownFileType = sourcecode.c.h; path = Screen.h; sourceTree = "<group>"; };
		006C4128084C585500ED552B /* Screen.cpp */ = {isa = PBXFileReference; fileEncoding = 4; lastKnownFileType = sourcecode.cpp.cpp; path = Screen.cpp; sourceTree = "<group>"; };
		006C4358084C8B6D00ED552B /* libncurses.5.dylib */ = {isa = PBXFileReference; lastKnownFileType = "compiled.mach-o.dylib"; name = libncurses.5.dylib; path = /usr/lib/libncurses.5.dylib; sourceTree = "<absolute>"; };
		006C4384084CB91300ED552B /* PacketSource.h */ = {isa = PBXFileReference; fileEncoding = 4; lastKnownFileType = sourcecode.c.h; path = PacketSource.h; sourceTree = "<group>"; };
		006C438C084CB9E600ED552B /* PacketSourcePCAP.h */ = {isa = PBXFileReference; fileEncoding = 4; lastKnownFileType = sourcecode.c.h; path = PacketSourcePCAP.h; sourceTree = "<group>"; };
		006C438D084CB9E600ED552B /* PacketSourcePCAP.cpp */ = {isa = PBXFileReference; fileEncoding = 4; lastKnownFileType = sourcecode.cpp.cpp; path = PacketSourcePCAP.cpp; sourceTree = "<group>"; };
		006C4500084CC37300ED552B /* libpcap.A.dylib */ = {isa = PBXFileReference; lastKnownFileType = "compiled.mach-o.dylib"; name = libpcap.A.dylib; path = /usr/lib/libpcap.A.dylib; sourceTree = "<absolute>"; };
		00723C240833DCD5006640FE /* IEEE80211.h */ = {isa = PBXFileReference; fileEncoding = 4; lastKnownFileType = sourcecode.c.h; path = IEEE80211.h; sourceTree = "<group>"; };
		00C78E3C0859C8E100F94A2C /* BeaconAttr.h */ = {isa = PBXFileReference; fileEncoding = 4; lastKnownFileType = sourcecode.c.h; path = BeaconAttr.h; sourceTree = "<group>"; };
		00C78E3D0859C8E100F94A2C /* BeaconAttr.cpp */ = {isa = PBXFileReference; fileEncoding = 4; lastKnownFileType = sourcecode.cpp.cpp; path = BeaconAttr.cpp; sourceTree = "<group>"; };
		00C7958B0861CB1600F94A2C /* PacketSourceUSB.h */ = {isa = PBXFileReference; fileEncoding = 4; lastKnownFileType = sourcecode.c.h; path = PacketSourceUSB.h; sourceTree = "<group>"; };
		00C7958C0861CB1600F94A2C /* PacketSourceUSB.cpp */ = {isa = PBXFileReference; fileEncoding = 4; lastKnownFileType = sourcecode.cpp.cpp; path = PacketSourceUSB.cpp; sourceTree = "<group>"; };
		00C79B150861DBE900F94A2C /* prism2.h */ = {isa = PBXFileReference; fileEncoding = 30; lastKnownFileType = sourcecode.c.h; path = prism2.h; sourceTree = "<group>"; };
		00C79B160861DBE900F94A2C /* structs.h */ = {isa = PBXFileReference; fileEncoding = 30; lastKnownFileType = sourcecode.c.h; path = structs.h; sourceTree = "<group>"; };
		00C79B170861DBE900F94A2C /* USBIntersil.h */ = {isa = PBXFileReference; fileEncoding = 30; lastKnownFileType = sourcecode.c.h; path = USBIntersil.h; sourceTree = "<group>"; };
		00C79B180861DBE900F94A2C /* USBIntersil.mm */ = {isa = PBXFileReference; fileEncoding = 30; lastKnownFileType = sourcecode.cpp.objcpp; path = USBIntersil.mm; sourceTree = "<group>"; };
		00C79B210861DC3C00F94A2C /* Carbon.framework */ = {isa = PBXFileReference; lastKnownFileType = wrapper.framework; name = Carbon.framework; path = /System/Library/Frameworks/Carbon.framework; sourceTree = "<absolute>"; };
		00C79B220861DC3C00F94A2C /* Cocoa.framework */ = {isa = PBXFileReference; lastKnownFileType = wrapper.framework; name = Cocoa.framework; path = /System/Library/Frameworks/Cocoa.framework; sourceTree = "<absolute>"; };
		00C79B230861DC3C00F94A2C /* IOKit.framework */ = {isa = PBXFileReference; lastKnownFileType = wrapper.framework; name = IOKit.framework; path = /System/Library/Frameworks/IOKit.framework; sourceTree = "<absolute>"; };
		08FB7796FE84155DC02AAC07 /* main.cpp */ = {isa = PBXFileReference; fileEncoding = 4; lastKnownFileType = sourcecode.cpp.cpp; path = main.cpp; sourceTree = "<group>"; };
		8DD76F6C0486A84900D96B5E /* SSIDLister */ = {isa = PBXFileReference; explicitFileType = "compiled.mach-o.executable"; includeInIndex = 0; path = SSIDLister; sourceTree = BUILT_PRODUCTS_DIR; };
		C6859E8B029090EE04C91782 /* SSIDLister.1 */ = {isa = PBXFileReference; lastKnownFileType = text.man; path = SSIDLister.1; sourceTree = "<group>"; };
/* End PBXFileReference section */

/* Begin PBXFrameworksBuildPhase section */
		8DD76F660486A84900D96B5E /* Frameworks */ = {
			isa = PBXFrameworksBuildPhase;
			buildActionMask = 2147483647;
			files = (
				006C4359084C8B6D00ED552B /* libncurses.5.dylib in Frameworks */,
				006C4501084CC37300ED552B /* libpcap.A.dylib in Frameworks */,
				001EA378084E0D9800960A18 /* libSystem.B.dylib in Frameworks */,
				00C79B240861DC3C00F94A2C /* Carbon.framework in Frameworks */,
				00C79B250861DC3C00F94A2C /* Cocoa.framework in Frameworks */,
				00C79B260861DC3C00F94A2C /* IOKit.framework in Frameworks */,
			);
			runOnlyForDeploymentPostprocessing = 0;
		};
/* End PBXFrameworksBuildPhase section */

/* Begin PBXGroup section */
		00C79B140861DBE900F94A2C /* USBIntersilJack */ = {
			isa = PBXGroup;
			children = (
				00C79B150861DBE900F94A2C /* prism2.h */,
				00C79B160861DBE900F94A2C /* structs.h */,
				00C79B170861DBE900F94A2C /* USBIntersil.h */,
				00C79B180861DBE900F94A2C /* USBIntersil.mm */,
			);
			path = USBIntersilJack;
			sourceTree = "<group>";
		};
		00C79B200861DC0300F94A2C /* Libraries */ = {
			isa = PBXGroup;
			children = (
				00C79B210861DC3C00F94A2C /* Carbon.framework */,
				00C79B220861DC3C00F94A2C /* Cocoa.framework */,
				00C79B230861DC3C00F94A2C /* IOKit.framework */,
				001EA377084E0D9800960A18 /* libSystem.B.dylib */,
				006C4500084CC37300ED552B /* libpcap.A.dylib */,
				006C4358084C8B6D00ED552B /* libncurses.5.dylib */,
			);
			name = Libraries;
			sourceTree = "<group>";
		};
		08FB7794FE84155DC02AAC07 /* SSIDLister */ = {
			isa = PBXGroup;
			children = (
				00C79B200861DC0300F94A2C /* Libraries */,
				08FB7795FE84155DC02AAC07 /* Source */,
				C6859E8C029090F304C91782 /* Documentation */,
				1AB674ADFE9D54B511CA2CBB /* Products */,
			);
			name = SSIDLister;
			sourceTree = "<group>";
		};
		08FB7795FE84155DC02AAC07 /* Source */ = {
			isa = PBXGroup;
			children = (
				00C79B140861DBE900F94A2C /* USBIntersilJack */,
				08FB7796FE84155DC02AAC07 /* main.cpp */,
				006C4384084CB91300ED552B /* PacketSource.h */,
				006C438C084CB9E600ED552B /* PacketSourcePCAP.h */,
				006C438D084CB9E600ED552B /* PacketSourcePCAP.cpp */,
				00C7958B0861CB1600F94A2C /* PacketSourceUSB.h */,
				00C7958C0861CB1600F94A2C /* PacketSourceUSB.cpp */,
				00C78E3C0859C8E100F94A2C /* BeaconAttr.h */,
				00C78E3D0859C8E100F94A2C /* BeaconAttr.cpp */,
				0062470D083283B60023D3AB /* Network.h */,
				0062470E083283B60023D3AB /* Network.cpp */,
				006C4127084C585500ED552B /* Screen.h */,
				006C4128084C585500ED552B /* Screen.cpp */,
				00723C240833DCD5006640FE /* IEEE80211.h */,
			);
			name = Source;
			sourceTree = "<group>";
		};
		1AB674ADFE9D54B511CA2CBB /* Products */ = {
			isa = PBXGroup;
			children = (
				8DD76F6C0486A84900D96B5E /* SSIDLister */,
			);
			name = Products;
			sourceTree = "<group>";
		};
		C6859E8C029090F304C91782 /* Documentation */ = {
			isa = PBXGroup;
			children = (
				C6859E8B029090EE04C91782 /* SSIDLister.1 */,
			);
			name = Documentation;
			sourceTree = "<group>";
		};
/* End PBXGroup section */

/* Begin PBXNativeTarget section */
		8DD76F620486A84900D96B5E /* SSIDLister */ = {
			isa = PBXNativeTarget;
			buildConfigurationList = 00C78E300859C88400F94A2C /* Build configuration list for PBXNativeTarget "SSIDLister" */;
			buildPhases = (
				8DD76F640486A84900D96B5E /* Sources */,
				8DD76F660486A84900D96B5E /* Frameworks */,
				8DD76F690486A84900D96B5E /* CopyFiles */,
			);
			buildRules = (
			);
			buildSettings = {
				GCC_GENERATE_DEBUGGING_SYMBOLS = NO;
				GCC_MODEL_TUNING = G5;
				GCC_WARN_ABOUT_RETURN_TYPE = YES;
				GCC_WARN_UNUSED_VARIABLE = YES;
				INSTALL_PATH = "$(HOME)/bin";
				PREBINDING = NO;
				PRODUCT_NAME = SSIDLister;
			};
			dependencies = (
			);
			name = SSIDLister;
			productInstallPath = "$(HOME)/bin";
			productName = SSIDLister;
			productReference = 8DD76F6C0486A84900D96B5E /* SSIDLister */;
			productType = "com.apple.product-type.tool";
		};
/* End PBXNativeTarget section */

/* Begin PBXProject section */
		08FB7793FE84155DC02AAC07 /* Project object */ = {
			isa = PBXProject;
			buildConfigurationList = 00C78E340859C88400F94A2C /* Build configuration list for PBXProject "SSIDLister" */;
			buildSettings = {
			};
			buildStyles = (
				014CEA460018CE2711CA2923 /* Development */,
				014CEA470018CE2711CA2923 /* Deployment */,
			);
			hasScannedForEncodings = 1;
			mainGroup = 08FB7794FE84155DC02AAC07 /* SSIDLister */;
			projectDirPath = "";
			targets = (
				8DD76F620486A84900D96B5E /* SSIDLister */,
			);
		};
/* End PBXProject section */

/* Begin PBXSourcesBuildPhase section */
		8DD76F640486A84900D96B5E /* Sources */ = {
			isa = PBXSourcesBuildPhase;
			buildActionMask = 2147483647;
			files = (
				8DD76F650486A84900D96B5E /* main.cpp in Sources */,
				00624710083283B60023D3AB /* Network.cpp in Sources */,
				006C412A084C585500ED552B /* Screen.cpp in Sources */,
				006C438F084CB9E600ED552B /* PacketSourcePCAP.cpp in Sources */,
				00C78E3F0859C8E100F94A2C /* BeaconAttr.cpp in Sources */,
				00C7958E0861CB1600F94A2C /* PacketSourceUSB.cpp in Sources */,
				00C79B1C0861DBE900F94A2C /* USBIntersil.mm in Sources */,
			);
			runOnlyForDeploymentPostprocessing = 0;
		};
/* End PBXSourcesBuildPhase section */

/* Begin XCBuildConfiguration section */
		00C78E310859C88400F94A2C /* Development */ = {
			isa = XCBuildConfiguration;
			buildSettings = {
				COPY_PHASE_STRIP = NO;
				GCC_DYNAMIC_NO_PIC = NO;
				GCC_ENABLE_FIX_AND_CONTINUE = YES;
				GCC_GENERATE_DEBUGGING_SYMBOLS = YES;
				GCC_MODEL_TUNING = G5;
				GCC_OPTIMIZATION_LEVEL = 0;
				GCC_WARN_ABOUT_RETURN_TYPE = YES;
				GCC_WARN_UNUSED_VARIABLE = YES;
				INSTALL_PATH = "$(HOME)/bin";
				PREBINDING = NO;
				PRODUCT_NAME = SSIDLister;
				ZERO_LINK = YES;
			};
			name = Development;
		};
		00C78E320859C88400F94A2C /* Deployment */ = {
			isa = XCBuildConfiguration;
			buildSettings = {
				COPY_PHASE_STRIP = YES;
				GCC_ENABLE_FIX_AND_CONTINUE = NO;
				GCC_GENERATE_DEBUGGING_SYMBOLS = NO;
				GCC_MODEL_TUNING = G5;
				GCC_WARN_ABOUT_RETURN_TYPE = YES;
				GCC_WARN_UNUSED_VARIABLE = YES;
				INSTALL_PATH = "$(HOME)/bin";
				PREBINDING = NO;
				PRODUCT_NAME = SSIDLister;
				ZERO_LINK = NO;
			};
			name = Deployment;
		};
		00C78E330859C88400F94A2C /* Default */ = {
			isa = XCBuildConfiguration;
			buildSettings = {
				GCC_GENERATE_DEBUGGING_SYMBOLS = NO;
				GCC_MODEL_TUNING = G5;
				GCC_WARN_ABOUT_RETURN_TYPE = YES;
				GCC_WARN_UNUSED_VARIABLE = YES;
				INSTALL_PATH = "$(HOME)/bin";
				PREBINDING = NO;
				PRODUCT_NAME = SSIDLister;
			};
			name = Default;
		};
		00C78E350859C88400F94A2C /* Development */ = {
			isa = XCBuildConfiguration;
			buildSettings = {
			};
			name = Development;
		};
		00C78E360859C88400F94A2C /* Deployment */ = {
			isa = XCBuildConfiguration;
			buildSettings = {
			};
			name = Deployment;
		};
		00C78E370859C88400F94A2C /* Default */ = {
			isa = XCBuildConfiguration;
			buildSettings = {
			};
			name = Default;
		};
/* End XCBuildConfiguration section */

/* Begin XCConfigurationList section */
		00C78E300859C88400F94A2C /* Build configuration list for PBXNativeTarget "SSIDLister" */ = {
			isa = XCConfigurationList;
			buildConfigurations = (
				00C78E310859C88400F94A2C /* Development */,
				00C78E320859C88400F94A2C /* Deployment */,
				00C78E330859C88400F94A2C /* Default */,
			);
			defaultConfigurationIsVisible = 0;
			defaultConfigurationName = Default;
		};
		00C78E340859C88400F94A2C /* Build configuration list for PBXProject "SSIDLister" */ = {
			isa = XCConfigurationList;
			buildConfigurations = (
				00C78E350859C88400F94A2C /* Development */,
				00C78E360859C88400F94A2C /* Deployment */,
				00C78E370859C88400F94A2C /* Default */,
			);
			defaultConfigurationIsVisible = 0;
			defaultConfigurationName = Default;
		};
/* End XCConfigurationList section */
	};
	rootObject = 08FB7793FE84155DC02AAC07 /* Project object */;
}
